// !$*UTF8*$!
{
	archiveVersion = 1;
	classes = {
	};
	objectVersion = 51;
	objects = {

/* Begin PBXBuildFile section */
		350216B82590D8E500CEA169 /* ItemRepository.swift in Sources */ = {isa = PBXBuildFile; fileRef = 350216B72590D8E500CEA169 /* ItemRepository.swift */; };
		350216BC2590D9F500CEA169 /* RecommendedItem.swift in Sources */ = {isa = PBXBuildFile; fileRef = 350216BB2590D9F500CEA169 /* RecommendedItem.swift */; };
		3506ED8B261920CB00A55C40 /* CVPVCViewController.swift in Sources */ = {isa = PBXBuildFile; fileRef = 3506ED8A261920CB00A55C40 /* CVPVCViewController.swift */; };
		3506EDA8261926B300A55C40 /* MenuViewModel.swift in Sources */ = {isa = PBXBuildFile; fileRef = 3506EDA7261926B300A55C40 /* MenuViewModel.swift */; };
		3506EDAB2619278500A55C40 /* MenuItem.swift in Sources */ = {isa = PBXBuildFile; fileRef = 3506EDAA2619278500A55C40 /* MenuItem.swift */; };
		3506EDB12619287200A55C40 /* RepositoryError.swift in Sources */ = {isa = PBXBuildFile; fileRef = 3506EDB02619287200A55C40 /* RepositoryError.swift */; };
		35085BA725FECF20003FCF98 /* String.swift in Sources */ = {isa = PBXBuildFile; fileRef = 35085BA625FECF20003FCF98 /* String.swift */; };
		350E3D0C263A6BD6001A4543 /* ShopViewController.swift in Sources */ = {isa = PBXBuildFile; fileRef = 350E3D0B263A6BD6001A4543 /* ShopViewController.swift */; };
		3511FA2226512209008CA9C9 /* CVPVCCollectionViewCellA.swift in Sources */ = {isa = PBXBuildFile; fileRef = 3511FA2126512209008CA9C9 /* CVPVCCollectionViewCellA.swift */; };
		3511FA2526512322008CA9C9 /* CVPVCCollectionViewCellB.swift in Sources */ = {isa = PBXBuildFile; fileRef = 3511FA2426512322008CA9C9 /* CVPVCCollectionViewCellB.swift */; };
		3511FA2826512632008CA9C9 /* CVPVCBaseViewController.swift in Sources */ = {isa = PBXBuildFile; fileRef = 3511FA2726512632008CA9C9 /* CVPVCBaseViewController.swift */; };
		3511FA2B265129F6008CA9C9 /* CVPVCViewControllerA.swift in Sources */ = {isa = PBXBuildFile; fileRef = 3511FA2A265129F6008CA9C9 /* CVPVCViewControllerA.swift */; };
		3520C39D26506EA000916A1B /* MenuItemDetailItemTableViewCell.swift in Sources */ = {isa = PBXBuildFile; fileRef = 3520C39C26506EA000916A1B /* MenuItemDetailItemTableViewCell.swift */; };
		3520C3A026506FEB00916A1B /* MenuItemDetailHeaderView.swift in Sources */ = {isa = PBXBuildFile; fileRef = 3520C39F26506FEB00916A1B /* MenuItemDetailHeaderView.swift */; };
		3529DC9A265EFAB700FEDCEC /* NavigationItem.swift in Sources */ = {isa = PBXBuildFile; fileRef = 3529DC99265EFAB700FEDCEC /* NavigationItem.swift */; };
		352BE915264C75F20028A3C3 /* MenuDetailInfoViewController.swift in Sources */ = {isa = PBXBuildFile; fileRef = 352BE914264C75F20028A3C3 /* MenuDetailInfoViewController.swift */; };
		35392FAB25E2EA9100499653 /* HomeViewModel.swift in Sources */ = {isa = PBXBuildFile; fileRef = 35392FAA25E2EA9100499653 /* HomeViewModel.swift */; };
		35392FAE25E2ECD900499653 /* RecommendedItemSet.swift in Sources */ = {isa = PBXBuildFile; fileRef = 35392FAD25E2ECD900499653 /* RecommendedItemSet.swift */; };
		3548A11025ED9922000B5024 /* MainTabBarController.swift in Sources */ = {isa = PBXBuildFile; fileRef = 3548A10F25ED9922000B5024 /* MainTabBarController.swift */; };
		3548A11425EDA2AD000B5024 /* CouponViewController.swift in Sources */ = {isa = PBXBuildFile; fileRef = 3548A11325EDA2AD000B5024 /* CouponViewController.swift */; };
		354D3F9925F17FF100E72722 /* CouponItemTableViewCell.swift in Sources */ = {isa = PBXBuildFile; fileRef = 354D3F9825F17FF100E72722 /* CouponItemTableViewCell.swift */; };
		355E4AE92638C5B600ADB28A /* UIColorExtend.swift in Sources */ = {isa = PBXBuildFile; fileRef = 355E4AE82638C5B600ADB28A /* UIColorExtend.swift */; };
		3568F82B262AA627002100E1 /* Formatter.swift in Sources */ = {isa = PBXBuildFile; fileRef = 3568F82A262AA627002100E1 /* Formatter.swift */; };
		356AF0F8262C3AB60020D33A /* MenuDetailViewController.swift in Sources */ = {isa = PBXBuildFile; fileRef = 356AF0F7262C3AB50020D33A /* MenuDetailViewController.swift */; };
		3586AD0725DC624800D85612 /* LowPriceItemTableViewCell.swift in Sources */ = {isa = PBXBuildFile; fileRef = 3586AD0625DC624800D85612 /* LowPriceItemTableViewCell.swift */; };
		3586DF20263B62AB00DB6C5D /* ShopRepository.swift in Sources */ = {isa = PBXBuildFile; fileRef = 3586DF1F263B62AB00DB6C5D /* ShopRepository.swift */; };
		3586DF23263B63A000DB6C5D /* Shop.swift in Sources */ = {isa = PBXBuildFile; fileRef = 3586DF22263B63A000DB6C5D /* Shop.swift */; };
		3586DF26263B6F1200DB6C5D /* ShopViewModel.swift in Sources */ = {isa = PBXBuildFile; fileRef = 3586DF25263B6F1200DB6C5D /* ShopViewModel.swift */; };
		358F7C3B25DD2A0D00EBA48C /* RecommendedItemTableViewCell.swift in Sources */ = {isa = PBXBuildFile; fileRef = 358F7C3A25DD2A0D00EBA48C /* RecommendedItemTableViewCell.swift */; };
		358F7C3F25DD974800EBA48C /* RecommendedItemView.swift in Sources */ = {isa = PBXBuildFile; fileRef = 358F7C3E25DD974800EBA48C /* RecommendedItemView.swift */; };
		359108E126187D83003D04E5 /* MenuViewController.swift in Sources */ = {isa = PBXBuildFile; fileRef = 359108E026187D83003D04E5 /* MenuViewController.swift */; };
		359757E1264DC67900A85EB8 /* MenuItemDetailItem.swift in Sources */ = {isa = PBXBuildFile; fileRef = 359757E0264DC67900A85EB8 /* MenuItemDetailItem.swift */; };
		359757E5264DC68900A85EB8 /* MenuItemDetailHeader.swift in Sources */ = {isa = PBXBuildFile; fileRef = 359757E4264DC68900A85EB8 /* MenuItemDetailHeader.swift */; };
		359757E8264DC7B800A85EB8 /* MenuItemDetailItemBase.swift in Sources */ = {isa = PBXBuildFile; fileRef = 359757E7264DC7B800A85EB8 /* MenuItemDetailItemBase.swift */; };
		359757EB264DC95300A85EB8 /* MenuItemDetailHeaderBase.swift in Sources */ = {isa = PBXBuildFile; fileRef = 359757EA264DC95300A85EB8 /* MenuItemDetailHeaderBase.swift */; };
		359757EE264DC9C800A85EB8 /* MenuItemDetailData.swift in Sources */ = {isa = PBXBuildFile; fileRef = 359757ED264DC9C800A85EB8 /* MenuItemDetailData.swift */; };
		35A34A9425E1904500983CE5 /* LowPriceItem.swift in Sources */ = {isa = PBXBuildFile; fileRef = 35A34A9325E1904500983CE5 /* LowPriceItem.swift */; };
		35A99728264A9445007B9CFE /* ShopPointAnnotation.swift in Sources */ = {isa = PBXBuildFile; fileRef = 35A99727264A9445007B9CFE /* ShopPointAnnotation.swift */; };
		35B10BCF266EC35800B7476E /* MenuOrderViewController.swift in Sources */ = {isa = PBXBuildFile; fileRef = 35B10BCE266EC35800B7476E /* MenuOrderViewController.swift */; };
		35B89A6C2660619000294971 /* MenuOrderRootViewController.swift in Sources */ = {isa = PBXBuildFile; fileRef = 35B89A6B2660619000294971 /* MenuOrderRootViewController.swift */; };
		35BC423E265DBBF5005D2CD9 /* ShopTableViewCell.swift in Sources */ = {isa = PBXBuildFile; fileRef = 35BC423D265DBBF5005D2CD9 /* ShopTableViewCell.swift */; };
		35C41F5826362A7F007E5DF2 /* NavigationController.swift in Sources */ = {isa = PBXBuildFile; fileRef = 35C41F5726362A7F007E5DF2 /* NavigationController.swift */; };
		35CA15E7265B83F300E30F9D /* CVPVCViewControllerB.swift in Sources */ = {isa = PBXBuildFile; fileRef = 35CA15E6265B83F300E30F9D /* CVPVCViewControllerB.swift */; };
		35D5E12F2606B2F500846D0F /* CouponDetailViewController.swift in Sources */ = {isa = PBXBuildFile; fileRef = 35D5E12E2606B2F500846D0F /* CouponDetailViewController.swift */; };
		35D5E1322606B94300846D0F /* CouponDetailView.swift in Sources */ = {isa = PBXBuildFile; fileRef = 35D5E1312606B94300846D0F /* CouponDetailView.swift */; };
		35D8E25C26240BAA00164A6B /* MenuItemRepository.swift in Sources */ = {isa = PBXBuildFile; fileRef = 35D8E25B26240BAA00164A6B /* MenuItemRepository.swift */; };
		35DA31412649318300FA2E74 /* ShopDetailCalloutAccessoryView.swift in Sources */ = {isa = PBXBuildFile; fileRef = 35DA31402649318300FA2E74 /* ShopDetailCalloutAccessoryView.swift */; };
		35DD76E1262646AE00875002 /* MenuItemsWithKeywordRanking.swift in Sources */ = {isa = PBXBuildFile; fileRef = 35DD76E0262646AE00875002 /* MenuItemsWithKeywordRanking.swift */; };
		35DD76E4262647EF00875002 /* KeywordRanking.swift in Sources */ = {isa = PBXBuildFile; fileRef = 35DD76E3262647EF00875002 /* KeywordRanking.swift */; };
		35E1D5BB26278E4C006EB946 /* MenuCollectionReusableView.swift in Sources */ = {isa = PBXBuildFile; fileRef = 35E1D5BA26278E4C006EB946 /* MenuCollectionReusableView.swift */; };
		35E1D5BE26279328006EB946 /* MenuCollectionViewCell.swift in Sources */ = {isa = PBXBuildFile; fileRef = 35E1D5BD26279328006EB946 /* MenuCollectionViewCell.swift */; };
		35E6909025F0B6DE0038C9D8 /* CouponItem.swift in Sources */ = {isa = PBXBuildFile; fileRef = 35E6908F25F0B6DE0038C9D8 /* CouponItem.swift */; };
		35E6909325F0B6FB0038C9D8 /* CouponItemRepository.swift in Sources */ = {isa = PBXBuildFile; fileRef = 35E6909225F0B6FB0038C9D8 /* CouponItemRepository.swift */; };
		35E6909625F0B71A0038C9D8 /* ModelConstant.swift in Sources */ = {isa = PBXBuildFile; fileRef = 35E6909525F0B71A0038C9D8 /* ModelConstant.swift */; };
		35E6909925F0B75B0038C9D8 /* CouponViewModel.swift in Sources */ = {isa = PBXBuildFile; fileRef = 35E6909825F0B75B0038C9D8 /* CouponViewModel.swift */; };
		35F392072590DCBB0043257F /* HttpGet.swift in Sources */ = {isa = PBXBuildFile; fileRef = 35F392062590DCBB0043257F /* HttpGet.swift */; };
		35FCD85C265F0EF300D9DCDF /* VCConstraint.swift in Sources */ = {isa = PBXBuildFile; fileRef = 35FCD85B265F0EF300D9DCDF /* VCConstraint.swift */; };
		35FCD860265F0FEC00D9DCDF /* VCUtils.swift in Sources */ = {isa = PBXBuildFile; fileRef = 35FCD85F265F0FEC00D9DCDF /* VCUtils.swift */; };
		3804E7182660DFDE006B695B /* MenuOrderDetailViewController.swift in Sources */ = {isa = PBXBuildFile; fileRef = 3804E7172660DFDE006B695B /* MenuOrderDetailViewController.swift */; };
		389B9B3925875E240082AEBF /* HomeViewController.swift in Sources */ = {isa = PBXBuildFile; fileRef = 389B9B3825875E240082AEBF /* HomeViewController.swift */; };
		38B7AEF625875B43003433A5 /* AppDelegate.swift in Sources */ = {isa = PBXBuildFile; fileRef = 38B7AEF525875B43003433A5 /* AppDelegate.swift */; };
		38B7AEF825875B43003433A5 /* SceneDelegate.swift in Sources */ = {isa = PBXBuildFile; fileRef = 38B7AEF725875B43003433A5 /* SceneDelegate.swift */; };
		38B7AEFF25875B44003433A5 /* Assets.xcassets in Resources */ = {isa = PBXBuildFile; fileRef = 38B7AEFE25875B44003433A5 /* Assets.xcassets */; };
		38B7AF0225875B44003433A5 /* LaunchScreen.storyboard in Resources */ = {isa = PBXBuildFile; fileRef = 38B7AF0025875B44003433A5 /* LaunchScreen.storyboard */; };
		CC770702EE1F7E758448A8CE /* Pods_IOS_Xacdonald.framework in Frameworks */ = {isa = PBXBuildFile; fileRef = 5E5D2D40CF69EAF946539975 /* Pods_IOS_Xacdonald.framework */; };
/* End PBXBuildFile section */

/* Begin PBXFileReference section */
		350216B72590D8E500CEA169 /* ItemRepository.swift */ = {isa = PBXFileReference; lastKnownFileType = sourcecode.swift; path = ItemRepository.swift; sourceTree = "<group>"; };
		350216BB2590D9F500CEA169 /* RecommendedItem.swift */ = {isa = PBXFileReference; lastKnownFileType = sourcecode.swift; path = RecommendedItem.swift; sourceTree = "<group>"; };
		3506ED8A261920CB00A55C40 /* CVPVCViewController.swift */ = {isa = PBXFileReference; lastKnownFileType = sourcecode.swift; path = CVPVCViewController.swift; sourceTree = "<group>"; };
		3506EDA7261926B300A55C40 /* MenuViewModel.swift */ = {isa = PBXFileReference; lastKnownFileType = sourcecode.swift; path = MenuViewModel.swift; sourceTree = "<group>"; };
		3506EDAA2619278500A55C40 /* MenuItem.swift */ = {isa = PBXFileReference; lastKnownFileType = sourcecode.swift; path = MenuItem.swift; sourceTree = "<group>"; };
		3506EDB02619287200A55C40 /* RepositoryError.swift */ = {isa = PBXFileReference; lastKnownFileType = sourcecode.swift; path = RepositoryError.swift; sourceTree = "<group>"; };
		35085BA625FECF20003FCF98 /* String.swift */ = {isa = PBXFileReference; lastKnownFileType = sourcecode.swift; path = String.swift; sourceTree = "<group>"; };
		350E3D0B263A6BD6001A4543 /* ShopViewController.swift */ = {isa = PBXFileReference; lastKnownFileType = sourcecode.swift; path = ShopViewController.swift; sourceTree = "<group>"; };
		3511FA2126512209008CA9C9 /* CVPVCCollectionViewCellA.swift */ = {isa = PBXFileReference; lastKnownFileType = sourcecode.swift; path = CVPVCCollectionViewCellA.swift; sourceTree = "<group>"; };
		3511FA2426512322008CA9C9 /* CVPVCCollectionViewCellB.swift */ = {isa = PBXFileReference; lastKnownFileType = sourcecode.swift; path = CVPVCCollectionViewCellB.swift; sourceTree = "<group>"; };
		3511FA2726512632008CA9C9 /* CVPVCBaseViewController.swift */ = {isa = PBXFileReference; lastKnownFileType = sourcecode.swift; path = CVPVCBaseViewController.swift; sourceTree = "<group>"; };
		3511FA2A265129F6008CA9C9 /* CVPVCViewControllerA.swift */ = {isa = PBXFileReference; lastKnownFileType = sourcecode.swift; path = CVPVCViewControllerA.swift; sourceTree = "<group>"; };
		3520C39C26506EA000916A1B /* MenuItemDetailItemTableViewCell.swift */ = {isa = PBXFileReference; lastKnownFileType = sourcecode.swift; path = MenuItemDetailItemTableViewCell.swift; sourceTree = "<group>"; };
		3520C39F26506FEB00916A1B /* MenuItemDetailHeaderView.swift */ = {isa = PBXFileReference; lastKnownFileType = sourcecode.swift; path = MenuItemDetailHeaderView.swift; sourceTree = "<group>"; };
		3529DC99265EFAB700FEDCEC /* NavigationItem.swift */ = {isa = PBXFileReference; lastKnownFileType = sourcecode.swift; path = NavigationItem.swift; sourceTree = "<group>"; };
		352BE914264C75F20028A3C3 /* MenuDetailInfoViewController.swift */ = {isa = PBXFileReference; lastKnownFileType = sourcecode.swift; path = MenuDetailInfoViewController.swift; sourceTree = "<group>"; };
		35392FAA25E2EA9100499653 /* HomeViewModel.swift */ = {isa = PBXFileReference; lastKnownFileType = sourcecode.swift; path = HomeViewModel.swift; sourceTree = "<group>"; };
		35392FAD25E2ECD900499653 /* RecommendedItemSet.swift */ = {isa = PBXFileReference; lastKnownFileType = sourcecode.swift; path = RecommendedItemSet.swift; sourceTree = "<group>"; };
		3548A10F25ED9922000B5024 /* MainTabBarController.swift */ = {isa = PBXFileReference; lastKnownFileType = sourcecode.swift; path = MainTabBarController.swift; sourceTree = "<group>"; };
		3548A11325EDA2AD000B5024 /* CouponViewController.swift */ = {isa = PBXFileReference; lastKnownFileType = sourcecode.swift; path = CouponViewController.swift; sourceTree = "<group>"; };
		354D3F9825F17FF100E72722 /* CouponItemTableViewCell.swift */ = {isa = PBXFileReference; lastKnownFileType = sourcecode.swift; path = CouponItemTableViewCell.swift; sourceTree = "<group>"; };
		355E4AE82638C5B600ADB28A /* UIColorExtend.swift */ = {isa = PBXFileReference; lastKnownFileType = sourcecode.swift; path = UIColorExtend.swift; sourceTree = "<group>"; };
		3568F82A262AA627002100E1 /* Formatter.swift */ = {isa = PBXFileReference; lastKnownFileType = sourcecode.swift; path = Formatter.swift; sourceTree = "<group>"; };
		356AF0F7262C3AB50020D33A /* MenuDetailViewController.swift */ = {isa = PBXFileReference; lastKnownFileType = sourcecode.swift; path = MenuDetailViewController.swift; sourceTree = "<group>"; };
		3586AD0625DC624800D85612 /* LowPriceItemTableViewCell.swift */ = {isa = PBXFileReference; lastKnownFileType = sourcecode.swift; path = LowPriceItemTableViewCell.swift; sourceTree = "<group>"; };
		3586DF1F263B62AB00DB6C5D /* ShopRepository.swift */ = {isa = PBXFileReference; lastKnownFileType = sourcecode.swift; path = ShopRepository.swift; sourceTree = "<group>"; };
		3586DF22263B63A000DB6C5D /* Shop.swift */ = {isa = PBXFileReference; lastKnownFileType = sourcecode.swift; path = Shop.swift; sourceTree = "<group>"; };
		3586DF25263B6F1200DB6C5D /* ShopViewModel.swift */ = {isa = PBXFileReference; lastKnownFileType = sourcecode.swift; path = ShopViewModel.swift; sourceTree = "<group>"; };
		358F7C3A25DD2A0D00EBA48C /* RecommendedItemTableViewCell.swift */ = {isa = PBXFileReference; lastKnownFileType = sourcecode.swift; path = RecommendedItemTableViewCell.swift; sourceTree = "<group>"; };
		358F7C3E25DD974800EBA48C /* RecommendedItemView.swift */ = {isa = PBXFileReference; lastKnownFileType = sourcecode.swift; path = RecommendedItemView.swift; sourceTree = "<group>"; };
		359108E026187D83003D04E5 /* MenuViewController.swift */ = {isa = PBXFileReference; lastKnownFileType = sourcecode.swift; path = MenuViewController.swift; sourceTree = "<group>"; };
		359757E0264DC67900A85EB8 /* MenuItemDetailItem.swift */ = {isa = PBXFileReference; lastKnownFileType = sourcecode.swift; path = MenuItemDetailItem.swift; sourceTree = "<group>"; };
		359757E4264DC68900A85EB8 /* MenuItemDetailHeader.swift */ = {isa = PBXFileReference; lastKnownFileType = sourcecode.swift; path = MenuItemDetailHeader.swift; sourceTree = "<group>"; };
		359757E7264DC7B800A85EB8 /* MenuItemDetailItemBase.swift */ = {isa = PBXFileReference; lastKnownFileType = sourcecode.swift; path = MenuItemDetailItemBase.swift; sourceTree = "<group>"; };
		359757EA264DC95300A85EB8 /* MenuItemDetailHeaderBase.swift */ = {isa = PBXFileReference; lastKnownFileType = sourcecode.swift; path = MenuItemDetailHeaderBase.swift; sourceTree = "<group>"; };
		359757ED264DC9C800A85EB8 /* MenuItemDetailData.swift */ = {isa = PBXFileReference; lastKnownFileType = sourcecode.swift; path = MenuItemDetailData.swift; sourceTree = "<group>"; };
		35A34A9325E1904500983CE5 /* LowPriceItem.swift */ = {isa = PBXFileReference; lastKnownFileType = sourcecode.swift; path = LowPriceItem.swift; sourceTree = "<group>"; };
		35A99727264A9445007B9CFE /* ShopPointAnnotation.swift */ = {isa = PBXFileReference; lastKnownFileType = sourcecode.swift; path = ShopPointAnnotation.swift; sourceTree = "<group>"; };
		35B10BCE266EC35800B7476E /* MenuOrderViewController.swift */ = {isa = PBXFileReference; lastKnownFileType = sourcecode.swift; path = MenuOrderViewController.swift; sourceTree = "<group>"; };
		35B89A6B2660619000294971 /* MenuOrderRootViewController.swift */ = {isa = PBXFileReference; lastKnownFileType = sourcecode.swift; path = MenuOrderRootViewController.swift; sourceTree = "<group>"; };
		35BC423D265DBBF5005D2CD9 /* ShopTableViewCell.swift */ = {isa = PBXFileReference; lastKnownFileType = sourcecode.swift; path = ShopTableViewCell.swift; sourceTree = "<group>"; };
		35C41F5726362A7F007E5DF2 /* NavigationController.swift */ = {isa = PBXFileReference; lastKnownFileType = sourcecode.swift; path = NavigationController.swift; sourceTree = "<group>"; };
		35CA15E6265B83F300E30F9D /* CVPVCViewControllerB.swift */ = {isa = PBXFileReference; lastKnownFileType = sourcecode.swift; path = CVPVCViewControllerB.swift; sourceTree = "<group>"; };
		35D5E12E2606B2F500846D0F /* CouponDetailViewController.swift */ = {isa = PBXFileReference; lastKnownFileType = sourcecode.swift; path = CouponDetailViewController.swift; sourceTree = "<group>"; };
		35D5E1312606B94300846D0F /* CouponDetailView.swift */ = {isa = PBXFileReference; lastKnownFileType = sourcecode.swift; path = CouponDetailView.swift; sourceTree = "<group>"; };
		35D8E25B26240BAA00164A6B /* MenuItemRepository.swift */ = {isa = PBXFileReference; lastKnownFileType = sourcecode.swift; path = MenuItemRepository.swift; sourceTree = "<group>"; };
		35DA31402649318300FA2E74 /* ShopDetailCalloutAccessoryView.swift */ = {isa = PBXFileReference; lastKnownFileType = sourcecode.swift; path = ShopDetailCalloutAccessoryView.swift; sourceTree = "<group>"; };
		35DD76E0262646AE00875002 /* MenuItemsWithKeywordRanking.swift */ = {isa = PBXFileReference; lastKnownFileType = sourcecode.swift; path = MenuItemsWithKeywordRanking.swift; sourceTree = "<group>"; };
		35DD76E3262647EF00875002 /* KeywordRanking.swift */ = {isa = PBXFileReference; lastKnownFileType = sourcecode.swift; path = KeywordRanking.swift; sourceTree = "<group>"; };
		35E1D5BA26278E4C006EB946 /* MenuCollectionReusableView.swift */ = {isa = PBXFileReference; lastKnownFileType = sourcecode.swift; path = MenuCollectionReusableView.swift; sourceTree = "<group>"; };
		35E1D5BD26279328006EB946 /* MenuCollectionViewCell.swift */ = {isa = PBXFileReference; lastKnownFileType = sourcecode.swift; path = MenuCollectionViewCell.swift; sourceTree = "<group>"; };
		35E6908F25F0B6DE0038C9D8 /* CouponItem.swift */ = {isa = PBXFileReference; lastKnownFileType = sourcecode.swift; path = CouponItem.swift; sourceTree = "<group>"; };
		35E6909225F0B6FB0038C9D8 /* CouponItemRepository.swift */ = {isa = PBXFileReference; lastKnownFileType = sourcecode.swift; path = CouponItemRepository.swift; sourceTree = "<group>"; };
		35E6909525F0B71A0038C9D8 /* ModelConstant.swift */ = {isa = PBXFileReference; lastKnownFileType = sourcecode.swift; path = ModelConstant.swift; sourceTree = "<group>"; };
		35E6909825F0B75B0038C9D8 /* CouponViewModel.swift */ = {isa = PBXFileReference; lastKnownFileType = sourcecode.swift; path = CouponViewModel.swift; sourceTree = "<group>"; };
		35F392062590DCBB0043257F /* HttpGet.swift */ = {isa = PBXFileReference; lastKnownFileType = sourcecode.swift; path = HttpGet.swift; sourceTree = "<group>"; };
		35FCD85B265F0EF300D9DCDF /* VCConstraint.swift */ = {isa = PBXFileReference; lastKnownFileType = sourcecode.swift; path = VCConstraint.swift; sourceTree = "<group>"; };
		35FCD85F265F0FEC00D9DCDF /* VCUtils.swift */ = {isa = PBXFileReference; lastKnownFileType = sourcecode.swift; path = VCUtils.swift; sourceTree = "<group>"; };
		3804E7172660DFDE006B695B /* MenuOrderDetailViewController.swift */ = {isa = PBXFileReference; lastKnownFileType = sourcecode.swift; path = MenuOrderDetailViewController.swift; sourceTree = "<group>"; };
		389B9B3825875E240082AEBF /* HomeViewController.swift */ = {isa = PBXFileReference; lastKnownFileType = sourcecode.swift; path = HomeViewController.swift; sourceTree = "<group>"; };
		38B7AEF225875B43003433A5 /* IOS_Xacdonald.app */ = {isa = PBXFileReference; explicitFileType = wrapper.application; includeInIndex = 0; path = IOS_Xacdonald.app; sourceTree = BUILT_PRODUCTS_DIR; };
		38B7AEF525875B43003433A5 /* AppDelegate.swift */ = {isa = PBXFileReference; lastKnownFileType = sourcecode.swift; path = AppDelegate.swift; sourceTree = "<group>"; };
		38B7AEF725875B43003433A5 /* SceneDelegate.swift */ = {isa = PBXFileReference; lastKnownFileType = sourcecode.swift; path = SceneDelegate.swift; sourceTree = "<group>"; };
		38B7AEFE25875B44003433A5 /* Assets.xcassets */ = {isa = PBXFileReference; lastKnownFileType = folder.assetcatalog; path = Assets.xcassets; sourceTree = "<group>"; };
		38B7AF0125875B44003433A5 /* Base */ = {isa = PBXFileReference; lastKnownFileType = file.storyboard; name = Base; path = Base.lproj/LaunchScreen.storyboard; sourceTree = "<group>"; };
		38B7AF0325875B44003433A5 /* Info.plist */ = {isa = PBXFileReference; lastKnownFileType = text.plist.xml; path = Info.plist; sourceTree = "<group>"; };
		5E5D2D40CF69EAF946539975 /* Pods_IOS_Xacdonald.framework */ = {isa = PBXFileReference; explicitFileType = wrapper.framework; includeInIndex = 0; path = Pods_IOS_Xacdonald.framework; sourceTree = BUILT_PRODUCTS_DIR; };
		AB47D874887A03B9FB9D334C /* Pods-IOS_Xacdonald.release.xcconfig */ = {isa = PBXFileReference; includeInIndex = 1; lastKnownFileType = text.xcconfig; name = "Pods-IOS_Xacdonald.release.xcconfig"; path = "Target Support Files/Pods-IOS_Xacdonald/Pods-IOS_Xacdonald.release.xcconfig"; sourceTree = "<group>"; };
		E01A04DCB6ACBBDC5633A901 /* Pods-IOS_Xacdonald.debug.xcconfig */ = {isa = PBXFileReference; includeInIndex = 1; lastKnownFileType = text.xcconfig; name = "Pods-IOS_Xacdonald.debug.xcconfig"; path = "Target Support Files/Pods-IOS_Xacdonald/Pods-IOS_Xacdonald.debug.xcconfig"; sourceTree = "<group>"; };
/* End PBXFileReference section */

/* Begin PBXFrameworksBuildPhase section */
		38B7AEEF25875B43003433A5 /* Frameworks */ = {
			isa = PBXFrameworksBuildPhase;
			buildActionMask = 2147483647;
			files = (
				CC770702EE1F7E758448A8CE /* Pods_IOS_Xacdonald.framework in Frameworks */,
			);
			runOnlyForDeploymentPostprocessing = 0;
		};
/* End PBXFrameworksBuildPhase section */

/* Begin PBXGroup section */
		31AB571F5F23021DA1A42D25 /* Frameworks */ = {
			isa = PBXGroup;
			children = (
				5E5D2D40CF69EAF946539975 /* Pods_IOS_Xacdonald.framework */,
			);
			name = Frameworks;
			sourceTree = "<group>";
		};
		3337CF36E7B1B1806C3FD26B /* Pods */ = {
			isa = PBXGroup;
			children = (
				E01A04DCB6ACBBDC5633A901 /* Pods-IOS_Xacdonald.debug.xcconfig */,
				AB47D874887A03B9FB9D334C /* Pods-IOS_Xacdonald.release.xcconfig */,
			);
			path = Pods;
			sourceTree = "<group>";
		};
		350216B52590D70E00CEA169 /* ViewModel */ = {
			isa = PBXGroup;
			children = (
				35E6909825F0B75B0038C9D8 /* CouponViewModel.swift */,
				35392FAA25E2EA9100499653 /* HomeViewModel.swift */,
				3506EDA7261926B300A55C40 /* MenuViewModel.swift */,
				3586DF25263B6F1200DB6C5D /* ShopViewModel.swift */,
			);
			path = ViewModel;
			sourceTree = "<group>";
		};
		350216B62590D72900CEA169 /* Model */ = {
			isa = PBXGroup;
			children = (
				35E6908F25F0B6DE0038C9D8 /* CouponItem.swift */,
				35E6909225F0B6FB0038C9D8 /* CouponItemRepository.swift */,
				350216B72590D8E500CEA169 /* ItemRepository.swift */,
				35DD76E3262647EF00875002 /* KeywordRanking.swift */,
				35A34A9325E1904500983CE5 /* LowPriceItem.swift */,
				3506EDAA2619278500A55C40 /* MenuItem.swift */,
				35D8E25B26240BAA00164A6B /* MenuItemRepository.swift */,
				35DD76E0262646AE00875002 /* MenuItemsWithKeywordRanking.swift */,
				35E6909525F0B71A0038C9D8 /* ModelConstant.swift */,
				350216BB2590D9F500CEA169 /* RecommendedItem.swift */,
				35392FAD25E2ECD900499653 /* RecommendedItemSet.swift */,
				3506EDB02619287200A55C40 /* RepositoryError.swift */,
				3586DF22263B63A000DB6C5D /* Shop.swift */,
				3586DF1F263B62AB00DB6C5D /* ShopRepository.swift */,
				359757DF264DC59300A85EB8 /* View */,
			);
			path = Model;
			sourceTree = "<group>";
		};
		35085BA225FEC4D6003FCF98 /* CollectionViewCell */ = {
			isa = PBXGroup;
			children = (
				3511FA2126512209008CA9C9 /* CVPVCCollectionViewCellA.swift */,
				3511FA2426512322008CA9C9 /* CVPVCCollectionViewCellB.swift */,
				35E1D5BA26278E4C006EB946 /* MenuCollectionReusableView.swift */,
				35E1D5BD26279328006EB946 /* MenuCollectionViewCell.swift */,
			);
			path = CollectionViewCell;
			sourceTree = "<group>";
		};
		3529DC98265EFA0B00FEDCEC /* Common */ = {
			isa = PBXGroup;
			children = (
				3529DC99265EFAB700FEDCEC /* NavigationItem.swift */,
				35FCD85B265F0EF300D9DCDF /* VCConstraint.swift */,
				35FCD85F265F0FEC00D9DCDF /* VCUtils.swift */,
			);
			path = Common;
			sourceTree = "<group>";
		};
		3586AD0525DC621100D85612 /* TableViewCell */ = {
			isa = PBXGroup;
			children = (
				354D3F9825F17FF100E72722 /* CouponItemTableViewCell.swift */,
				3586AD0625DC624800D85612 /* LowPriceItemTableViewCell.swift */,
				3520C39F26506FEB00916A1B /* MenuItemDetailHeaderView.swift */,
				3520C39C26506EA000916A1B /* MenuItemDetailItemTableViewCell.swift */,
				358F7C3A25DD2A0D00EBA48C /* RecommendedItemTableViewCell.swift */,
				35BC423D265DBBF5005D2CD9 /* ShopTableViewCell.swift */,
			);
			path = TableViewCell;
			sourceTree = "<group>";
		};
		358F7C3D25DD968300EBA48C /* View */ = {
			isa = PBXGroup;
			children = (
				35D5E1312606B94300846D0F /* CouponDetailView.swift */,
				358F7C3E25DD974800EBA48C /* RecommendedItemView.swift */,
				35DA31402649318300FA2E74 /* ShopDetailCalloutAccessoryView.swift */,
			);
			path = View;
			sourceTree = "<group>";
		};
		359757DF264DC59300A85EB8 /* View */ = {
			isa = PBXGroup;
			children = (
				359757ED264DC9C800A85EB8 /* MenuItemDetailData.swift */,
				359757E4264DC68900A85EB8 /* MenuItemDetailHeader.swift */,
				359757EA264DC95300A85EB8 /* MenuItemDetailHeaderBase.swift */,
				359757E0264DC67900A85EB8 /* MenuItemDetailItem.swift */,
				359757E7264DC7B800A85EB8 /* MenuItemDetailItemBase.swift */,
			);
			path = View;
			sourceTree = "<group>";
		};
		35A99726264A9425007B9CFE /* PointAnnotation */ = {
			isa = PBXGroup;
			children = (
				35A99727264A9445007B9CFE /* ShopPointAnnotation.swift */,
			);
			path = PointAnnotation;
			sourceTree = "<group>";
		};
		35F392052590DCA30043257F /* Utils */ = {
			isa = PBXGroup;
			children = (
				3568F82A262AA627002100E1 /* Formatter.swift */,
				35F392062590DCBB0043257F /* HttpGet.swift */,
				35085BA625FECF20003FCF98 /* String.swift */,
				355E4AE82638C5B600ADB28A /* UIColorExtend.swift */,
			);
			path = Utils;
			sourceTree = "<group>";
		};
		389B9B3A25875E2A0082AEBF /* Controller */ = {
			isa = PBXGroup;
			children = (
				3529DC98265EFA0B00FEDCEC /* Common */,
				35D5E12E2606B2F500846D0F /* CouponDetailViewController.swift */,
				3548A11325EDA2AD000B5024 /* CouponViewController.swift */,
				3511FA2726512632008CA9C9 /* CVPVCBaseViewController.swift */,
				3506ED8A261920CB00A55C40 /* CVPVCViewController.swift */,
				3511FA2A265129F6008CA9C9 /* CVPVCViewControllerA.swift */,
				35CA15E6265B83F300E30F9D /* CVPVCViewControllerB.swift */,
				389B9B3825875E240082AEBF /* HomeViewController.swift */,
				3548A10F25ED9922000B5024 /* MainTabBarController.swift */,
				352BE914264C75F20028A3C3 /* MenuDetailInfoViewController.swift */,
				356AF0F7262C3AB50020D33A /* MenuDetailViewController.swift */,
				3804E7172660DFDE006B695B /* MenuOrderDetailViewController.swift */,
				35B89A6B2660619000294971 /* MenuOrderRootViewController.swift */,
				35B10BCE266EC35800B7476E /* MenuOrderViewController.swift */,
				359108E026187D83003D04E5 /* MenuViewController.swift */,
				35C41F5726362A7F007E5DF2 /* NavigationController.swift */,
				350E3D0B263A6BD6001A4543 /* ShopViewController.swift */,
			);
			path = Controller;
			sourceTree = "<group>";
		};
		38B7AEE925875B43003433A5 = {
			isa = PBXGroup;
			children = (
				38B7AEF425875B43003433A5 /* IOS_Xacdonald */,
				38B7AEF325875B43003433A5 /* Products */,
				3337CF36E7B1B1806C3FD26B /* Pods */,
				31AB571F5F23021DA1A42D25 /* Frameworks */,
			);
			sourceTree = "<group>";
		};
		38B7AEF325875B43003433A5 /* Products */ = {
			isa = PBXGroup;
			children = (
				38B7AEF225875B43003433A5 /* IOS_Xacdonald.app */,
			);
			name = Products;
			sourceTree = "<group>";
		};
		38B7AEF425875B43003433A5 /* IOS_Xacdonald */ = {
			isa = PBXGroup;
			children = (
				38B7AEF525875B43003433A5 /* AppDelegate.swift */,
				38B7AEFE25875B44003433A5 /* Assets.xcassets */,
				35085BA225FEC4D6003FCF98 /* CollectionViewCell */,
				389B9B3A25875E2A0082AEBF /* Controller */,
				38B7AF0325875B44003433A5 /* Info.plist */,
				38B7AF0025875B44003433A5 /* LaunchScreen.storyboard */,
				350216B62590D72900CEA169 /* Model */,
				35A99726264A9425007B9CFE /* PointAnnotation */,
				38B7AEF725875B43003433A5 /* SceneDelegate.swift */,
				3586AD0525DC621100D85612 /* TableViewCell */,
				35F392052590DCA30043257F /* Utils */,
				358F7C3D25DD968300EBA48C /* View */,
				350216B52590D70E00CEA169 /* ViewModel */,
			);
			path = IOS_Xacdonald;
			sourceTree = "<group>";
		};
/* End PBXGroup section */

/* Begin PBXNativeTarget section */
		38B7AEF125875B43003433A5 /* IOS_Xacdonald */ = {
			isa = PBXNativeTarget;
			buildConfigurationList = 38B7AF0625875B44003433A5 /* Build configuration list for PBXNativeTarget "IOS_Xacdonald" */;
			buildPhases = (
				A8F155D9243EB5828B7065C4 /* [CP] Check Pods Manifest.lock */,
				38B7AEEE25875B43003433A5 /* Sources */,
				38B7AEEF25875B43003433A5 /* Frameworks */,
				38B7AEF025875B43003433A5 /* Resources */,
				6B2E78063FFFA09493C846E0 /* [CP] Embed Pods Frameworks */,
			);
			buildRules = (
			);
			dependencies = (
			);
			name = IOS_Xacdonald;
			productName = IOS_Xacdonald;
			productReference = 38B7AEF225875B43003433A5 /* IOS_Xacdonald.app */;
			productType = "com.apple.product-type.application";
		};
/* End PBXNativeTarget section */

/* Begin PBXProject section */
		38B7AEEA25875B43003433A5 /* Project object */ = {
			isa = PBXProject;
			attributes = {
				LastSwiftUpdateCheck = 1130;
				LastUpgradeCheck = 1130;
				ORGANIZATIONNAME = velo.yamigiku;
				TargetAttributes = {
					38B7AEF125875B43003433A5 = {
						CreatedOnToolsVersion = 11.3.1;
					};
				};
			};
			buildConfigurationList = 38B7AEED25875B43003433A5 /* Build configuration list for PBXProject "IOS_Xacdonald" */;
			compatibilityVersion = "Xcode 9.3";
			developmentRegion = en;
			hasScannedForEncodings = 0;
			knownRegions = (
				en,
				Base,
			);
			mainGroup = 38B7AEE925875B43003433A5;
			productRefGroup = 38B7AEF325875B43003433A5 /* Products */;
			projectDirPath = "";
			projectRoot = "";
			targets = (
				38B7AEF125875B43003433A5 /* IOS_Xacdonald */,
			);
		};
/* End PBXProject section */

/* Begin PBXResourcesBuildPhase section */
		38B7AEF025875B43003433A5 /* Resources */ = {
			isa = PBXResourcesBuildPhase;
			buildActionMask = 2147483647;
			files = (
				38B7AF0225875B44003433A5 /* LaunchScreen.storyboard in Resources */,
				38B7AEFF25875B44003433A5 /* Assets.xcassets in Resources */,
			);
			runOnlyForDeploymentPostprocessing = 0;
		};
/* End PBXResourcesBuildPhase section */

/* Begin PBXShellScriptBuildPhase section */
		6B2E78063FFFA09493C846E0 /* [CP] Embed Pods Frameworks */ = {
			isa = PBXShellScriptBuildPhase;
			buildActionMask = 2147483647;
			files = (
			);
			inputFileListPaths = (
				"${PODS_ROOT}/Target Support Files/Pods-IOS_Xacdonald/Pods-IOS_Xacdonald-frameworks-${CONFIGURATION}-input-files.xcfilelist",
			);
			name = "[CP] Embed Pods Frameworks";
			outputFileListPaths = (
				"${PODS_ROOT}/Target Support Files/Pods-IOS_Xacdonald/Pods-IOS_Xacdonald-frameworks-${CONFIGURATION}-output-files.xcfilelist",
			);
			runOnlyForDeploymentPostprocessing = 0;
			shellPath = /bin/sh;
			shellScript = "\"${PODS_ROOT}/Target Support Files/Pods-IOS_Xacdonald/Pods-IOS_Xacdonald-frameworks.sh\"\n";
			showEnvVarsInLog = 0;
		};
		A8F155D9243EB5828B7065C4 /* [CP] Check Pods Manifest.lock */ = {
			isa = PBXShellScriptBuildPhase;
			buildActionMask = 2147483647;
			files = (
			);
			inputFileListPaths = (
			);
			inputPaths = (
				"${PODS_PODFILE_DIR_PATH}/Podfile.lock",
				"${PODS_ROOT}/Manifest.lock",
			);
			name = "[CP] Check Pods Manifest.lock";
			outputFileListPaths = (
			);
			outputPaths = (
				"$(DERIVED_FILE_DIR)/Pods-IOS_Xacdonald-checkManifestLockResult.txt",
			);
			runOnlyForDeploymentPostprocessing = 0;
			shellPath = /bin/sh;
			shellScript = "diff \"${PODS_PODFILE_DIR_PATH}/Podfile.lock\" \"${PODS_ROOT}/Manifest.lock\" > /dev/null\nif [ $? != 0 ] ; then\n    # print error to STDERR\n    echo \"error: The sandbox is not in sync with the Podfile.lock. Run 'pod install' or update your CocoaPods installation.\" >&2\n    exit 1\nfi\n# This output is used by Xcode 'outputs' to avoid re-running this script phase.\necho \"SUCCESS\" > \"${SCRIPT_OUTPUT_FILE_0}\"\n";
			showEnvVarsInLog = 0;
		};
/* End PBXShellScriptBuildPhase section */

/* Begin PBXSourcesBuildPhase section */
		38B7AEEE25875B43003433A5 /* Sources */ = {
			isa = PBXSourcesBuildPhase;
			buildActionMask = 2147483647;
			files = (
				35CA15E7265B83F300E30F9D /* CVPVCViewControllerB.swift in Sources */,
				35A34A9425E1904500983CE5 /* LowPriceItem.swift in Sources */,
				359757EE264DC9C800A85EB8 /* MenuItemDetailData.swift in Sources */,
				3511FA2526512322008CA9C9 /* CVPVCCollectionViewCellB.swift in Sources */,
				35E6909625F0B71A0038C9D8 /* ModelConstant.swift in Sources */,
				3511FA2226512209008CA9C9 /* CVPVCCollectionViewCellA.swift in Sources */,
				35085BA725FECF20003FCF98 /* String.swift in Sources */,
				3506ED8B261920CB00A55C40 /* CVPVCViewController.swift in Sources */,
				35D5E1322606B94300846D0F /* CouponDetailView.swift in Sources */,
				354D3F9925F17FF100E72722 /* CouponItemTableViewCell.swift in Sources */,
				35392FAE25E2ECD900499653 /* RecommendedItemSet.swift in Sources */,
				35F392072590DCBB0043257F /* HttpGet.swift in Sources */,
				35E6909925F0B75B0038C9D8 /* CouponViewModel.swift in Sources */,
				35D8E25C26240BAA00164A6B /* MenuItemRepository.swift in Sources */,
				35A99728264A9445007B9CFE /* ShopPointAnnotation.swift in Sources */,
				358F7C3F25DD974800EBA48C /* RecommendedItemView.swift in Sources */,
				3804E7182660DFDE006B695B /* MenuOrderDetailViewController.swift in Sources */,
				3529DC9A265EFAB700FEDCEC /* NavigationItem.swift in Sources */,
				356AF0F8262C3AB60020D33A /* MenuDetailViewController.swift in Sources */,
				3586AD0725DC624800D85612 /* LowPriceItemTableViewCell.swift in Sources */,
				358F7C3B25DD2A0D00EBA48C /* RecommendedItemTableViewCell.swift in Sources */,
				350216BC2590D9F500CEA169 /* RecommendedItem.swift in Sources */,
				3548A11025ED9922000B5024 /* MainTabBarController.swift in Sources */,
				350E3D0C263A6BD6001A4543 /* ShopViewController.swift in Sources */,
				3506EDA8261926B300A55C40 /* MenuViewModel.swift in Sources */,
				35B89A6C2660619000294971 /* MenuOrderRootViewController.swift in Sources */,
				3568F82B262AA627002100E1 /* Formatter.swift in Sources */,
				3586DF26263B6F1200DB6C5D /* ShopViewModel.swift in Sources */,
				355E4AE92638C5B600ADB28A /* UIColorExtend.swift in Sources */,
				350216B82590D8E500CEA169 /* ItemRepository.swift in Sources */,
				35392FAB25E2EA9100499653 /* HomeViewModel.swift in Sources */,
				35DD76E4262647EF00875002 /* KeywordRanking.swift in Sources */,
				359757E1264DC67900A85EB8 /* MenuItemDetailItem.swift in Sources */,
				3520C39D26506EA000916A1B /* MenuItemDetailItemTableViewCell.swift in Sources */,
				359108E126187D83003D04E5 /* MenuViewController.swift in Sources */,
				3586DF20263B62AB00DB6C5D /* ShopRepository.swift in Sources */,
				35B10BCF266EC35800B7476E /* MenuOrderViewController.swift in Sources */,
				3586DF23263B63A000DB6C5D /* Shop.swift in Sources */,
				359757E8264DC7B800A85EB8 /* MenuItemDetailItemBase.swift in Sources */,
				38B7AEF625875B43003433A5 /* AppDelegate.swift in Sources */,
				35C41F5826362A7F007E5DF2 /* NavigationController.swift in Sources */,
				38B7AEF825875B43003433A5 /* SceneDelegate.swift in Sources */,
				3548A11425EDA2AD000B5024 /* CouponViewController.swift in Sources */,
				35DD76E1262646AE00875002 /* MenuItemsWithKeywordRanking.swift in Sources */,
				35E6909325F0B6FB0038C9D8 /* CouponItemRepository.swift in Sources */,
				359757E5264DC68900A85EB8 /* MenuItemDetailHeader.swift in Sources */,
				35E6909025F0B6DE0038C9D8 /* CouponItem.swift in Sources */,
				359757EB264DC95300A85EB8 /* MenuItemDetailHeaderBase.swift in Sources */,
				35DA31412649318300FA2E74 /* ShopDetailCalloutAccessoryView.swift in Sources */,
				35E1D5BB26278E4C006EB946 /* MenuCollectionReusableView.swift in Sources */,
				35FCD860265F0FEC00D9DCDF /* VCUtils.swift in Sources */,
				3511FA2B265129F6008CA9C9 /* CVPVCViewControllerA.swift in Sources */,
				35BC423E265DBBF5005D2CD9 /* ShopTableViewCell.swift in Sources */,
				3520C3A026506FEB00916A1B /* MenuItemDetailHeaderView.swift in Sources */,
				35FCD85C265F0EF300D9DCDF /* VCConstraint.swift in Sources */,
				35E1D5BE26279328006EB946 /* MenuCollectionViewCell.swift in Sources */,
				389B9B3925875E240082AEBF /* HomeViewController.swift in Sources */,
				352BE915264C75F20028A3C3 /* MenuDetailInfoViewController.swift in Sources */,
				3506EDB12619287200A55C40 /* RepositoryError.swift in Sources */,
				3511FA2826512632008CA9C9 /* CVPVCBaseViewController.swift in Sources */,
				3506EDAB2619278500A55C40 /* MenuItem.swift in Sources */,
				35D5E12F2606B2F500846D0F /* CouponDetailViewController.swift in Sources */,
			);
			runOnlyForDeploymentPostprocessing = 0;
		};
/* End PBXSourcesBuildPhase section */

/* Begin PBXVariantGroup section */
		38B7AF0025875B44003433A5 /* LaunchScreen.storyboard */ = {
			isa = PBXVariantGroup;
			children = (
				38B7AF0125875B44003433A5 /* Base */,
			);
			name = LaunchScreen.storyboard;
			sourceTree = "<group>";
		};
/* End PBXVariantGroup section */

/* Begin XCBuildConfiguration section */
		38B7AF0425875B44003433A5 /* Debug */ = {
			isa = XCBuildConfiguration;
			buildSettings = {
				ALWAYS_SEARCH_USER_PATHS = NO;
				CLANG_ANALYZER_NONNULL = YES;
				CLANG_ANALYZER_NUMBER_OBJECT_CONVERSION = YES_AGGRESSIVE;
				CLANG_CXX_LANGUAGE_STANDARD = "gnu++14";
				CLANG_CXX_LIBRARY = "libc++";
				CLANG_ENABLE_MODULES = YES;
				CLANG_ENABLE_OBJC_ARC = YES;
				CLANG_ENABLE_OBJC_WEAK = YES;
				CLANG_WARN_BLOCK_CAPTURE_AUTORELEASING = YES;
				CLANG_WARN_BOOL_CONVERSION = YES;
				CLANG_WARN_COMMA = YES;
				CLANG_WARN_CONSTANT_CONVERSION = YES;
				CLANG_WARN_DEPRECATED_OBJC_IMPLEMENTATIONS = YES;
				CLANG_WARN_DIRECT_OBJC_ISA_USAGE = YES_ERROR;
				CLANG_WARN_DOCUMENTATION_COMMENTS = YES;
				CLANG_WARN_EMPTY_BODY = YES;
				CLANG_WARN_ENUM_CONVERSION = YES;
				CLANG_WARN_INFINITE_RECURSION = YES;
				CLANG_WARN_INT_CONVERSION = YES;
				CLANG_WARN_NON_LITERAL_NULL_CONVERSION = YES;
				CLANG_WARN_OBJC_IMPLICIT_RETAIN_SELF = YES;
				CLANG_WARN_OBJC_LITERAL_CONVERSION = YES;
				CLANG_WARN_OBJC_ROOT_CLASS = YES_ERROR;
				CLANG_WARN_RANGE_LOOP_ANALYSIS = YES;
				CLANG_WARN_STRICT_PROTOTYPES = YES;
				CLANG_WARN_SUSPICIOUS_MOVE = YES;
				CLANG_WARN_UNGUARDED_AVAILABILITY = YES_AGGRESSIVE;
				CLANG_WARN_UNREACHABLE_CODE = YES;
				CLANG_WARN__DUPLICATE_METHOD_MATCH = YES;
				COPY_PHASE_STRIP = NO;
				DEBUG_INFORMATION_FORMAT = dwarf;
				ENABLE_STRICT_OBJC_MSGSEND = YES;
				ENABLE_TESTABILITY = YES;
				GCC_C_LANGUAGE_STANDARD = gnu11;
				GCC_DYNAMIC_NO_PIC = NO;
				GCC_NO_COMMON_BLOCKS = YES;
				GCC_OPTIMIZATION_LEVEL = 0;
				GCC_PREPROCESSOR_DEFINITIONS = (
					"DEBUG=1",
					"$(inherited)",
				);
				GCC_WARN_64_TO_32_BIT_CONVERSION = YES;
				GCC_WARN_ABOUT_RETURN_TYPE = YES_ERROR;
				GCC_WARN_UNDECLARED_SELECTOR = YES;
				GCC_WARN_UNINITIALIZED_AUTOS = YES_AGGRESSIVE;
				GCC_WARN_UNUSED_FUNCTION = YES;
				GCC_WARN_UNUSED_VARIABLE = YES;
				IPHONEOS_DEPLOYMENT_TARGET = 13.2;
				MTL_ENABLE_DEBUG_INFO = INCLUDE_SOURCE;
				MTL_FAST_MATH = YES;
				ONLY_ACTIVE_ARCH = YES;
				SDKROOT = iphoneos;
				SWIFT_ACTIVE_COMPILATION_CONDITIONS = DEBUG;
				SWIFT_OPTIMIZATION_LEVEL = "-Onone";
			};
			name = Debug;
		};
		38B7AF0525875B44003433A5 /* Release */ = {
			isa = XCBuildConfiguration;
			buildSettings = {
				ALWAYS_SEARCH_USER_PATHS = NO;
				CLANG_ANALYZER_NONNULL = YES;
				CLANG_ANALYZER_NUMBER_OBJECT_CONVERSION = YES_AGGRESSIVE;
				CLANG_CXX_LANGUAGE_STANDARD = "gnu++14";
				CLANG_CXX_LIBRARY = "libc++";
				CLANG_ENABLE_MODULES = YES;
				CLANG_ENABLE_OBJC_ARC = YES;
				CLANG_ENABLE_OBJC_WEAK = YES;
				CLANG_WARN_BLOCK_CAPTURE_AUTORELEASING = YES;
				CLANG_WARN_BOOL_CONVERSION = YES;
				CLANG_WARN_COMMA = YES;
				CLANG_WARN_CONSTANT_CONVERSION = YES;
				CLANG_WARN_DEPRECATED_OBJC_IMPLEMENTATIONS = YES;
				CLANG_WARN_DIRECT_OBJC_ISA_USAGE = YES_ERROR;
				CLANG_WARN_DOCUMENTATION_COMMENTS = YES;
				CLANG_WARN_EMPTY_BODY = YES;
				CLANG_WARN_ENUM_CONVERSION = YES;
				CLANG_WARN_INFINITE_RECURSION = YES;
				CLANG_WARN_INT_CONVERSION = YES;
				CLANG_WARN_NON_LITERAL_NULL_CONVERSION = YES;
				CLANG_WARN_OBJC_IMPLICIT_RETAIN_SELF = YES;
				CLANG_WARN_OBJC_LITERAL_CONVERSION = YES;
				CLANG_WARN_OBJC_ROOT_CLASS = YES_ERROR;
				CLANG_WARN_RANGE_LOOP_ANALYSIS = YES;
				CLANG_WARN_STRICT_PROTOTYPES = YES;
				CLANG_WARN_SUSPICIOUS_MOVE = YES;
				CLANG_WARN_UNGUARDED_AVAILABILITY = YES_AGGRESSIVE;
				CLANG_WARN_UNREACHABLE_CODE = YES;
				CLANG_WARN__DUPLICATE_METHOD_MATCH = YES;
				COPY_PHASE_STRIP = NO;
				DEBUG_INFORMATION_FORMAT = "dwarf-with-dsym";
				ENABLE_NS_ASSERTIONS = NO;
				ENABLE_STRICT_OBJC_MSGSEND = YES;
				GCC_C_LANGUAGE_STANDARD = gnu11;
				GCC_NO_COMMON_BLOCKS = YES;
				GCC_WARN_64_TO_32_BIT_CONVERSION = YES;
				GCC_WARN_ABOUT_RETURN_TYPE = YES_ERROR;
				GCC_WARN_UNDECLARED_SELECTOR = YES;
				GCC_WARN_UNINITIALIZED_AUTOS = YES_AGGRESSIVE;
				GCC_WARN_UNUSED_FUNCTION = YES;
				GCC_WARN_UNUSED_VARIABLE = YES;
				IPHONEOS_DEPLOYMENT_TARGET = 13.2;
				MTL_ENABLE_DEBUG_INFO = NO;
				MTL_FAST_MATH = YES;
				SDKROOT = iphoneos;
				SWIFT_COMPILATION_MODE = wholemodule;
				SWIFT_OPTIMIZATION_LEVEL = "-O";
				VALIDATE_PRODUCT = YES;
			};
			name = Release;
		};
		38B7AF0725875B44003433A5 /* Debug */ = {
			isa = XCBuildConfiguration;
			baseConfigurationReference = E01A04DCB6ACBBDC5633A901 /* Pods-IOS_Xacdonald.debug.xcconfig */;
			buildSettings = {
				ASSETCATALOG_COMPILER_APPICON_NAME = AppIcon;
				CODE_SIGN_STYLE = Automatic;
				INFOPLIST_FILE = IOS_Xacdonald/Info.plist;
				LD_RUNPATH_SEARCH_PATHS = (
					"$(inherited)",
					"@executable_path/Frameworks",
				);
				PRODUCT_BUNDLE_IDENTIFIER = "jp.co.myself.IOS-Xacdonald";
				PRODUCT_NAME = "$(TARGET_NAME)";
				SWIFT_VERSION = 5.0;
				TARGETED_DEVICE_FAMILY = "1,2";
			};
			name = Debug;
		};
		38B7AF0825875B44003433A5 /* Release */ = {
			isa = XCBuildConfiguration;
			baseConfigurationReference = AB47D874887A03B9FB9D334C /* Pods-IOS_Xacdonald.release.xcconfig */;
			buildSettings = {
				ASSETCATALOG_COMPILER_APPICON_NAME = AppIcon;
				CODE_SIGN_STYLE = Automatic;
				INFOPLIST_FILE = IOS_Xacdonald/Info.plist;
				LD_RUNPATH_SEARCH_PATHS = (
					"$(inherited)",
					"@executable_path/Frameworks",
				);
				PRODUCT_BUNDLE_IDENTIFIER = "jp.co.myself.IOS-Xacdonald";
				PRODUCT_NAME = "$(TARGET_NAME)";
				SWIFT_VERSION = 5.0;
				TARGETED_DEVICE_FAMILY = "1,2";
			};
			name = Release;
		};
/* End XCBuildConfiguration section */

/* Begin XCConfigurationList section */
		38B7AEED25875B43003433A5 /* Build configuration list for PBXProject "IOS_Xacdonald" */ = {
			isa = XCConfigurationList;
			buildConfigurations = (
				38B7AF0425875B44003433A5 /* Debug */,
				38B7AF0525875B44003433A5 /* Release */,
			);
			defaultConfigurationIsVisible = 0;
			defaultConfigurationName = Release;
		};
		38B7AF0625875B44003433A5 /* Build configuration list for PBXNativeTarget "IOS_Xacdonald" */ = {
			isa = XCConfigurationList;
			buildConfigurations = (
				38B7AF0725875B44003433A5 /* Debug */,
				38B7AF0825875B44003433A5 /* Release */,
			);
			defaultConfigurationIsVisible = 0;
			defaultConfigurationName = Release;
		};
/* End XCConfigurationList section */
	};
	rootObject = 38B7AEEA25875B43003433A5 /* Project object */;
}
