// !$*UTF8*$!
{
	archiveVersion = 1;
	classes = {
	};
	objectVersion = 51;
	objects = {

/* Begin PBXBuildFile section */
		38252C1D258762C70044A27D /* HomeCollectionViewCell.swift in Sources */ = {isa = PBXBuildFile; fileRef = 38252C1C258762C70044A27D /* HomeCollectionViewCell.swift */; };
		389B9B3925875E240082AEBF /* HomeViewController.swift in Sources */ = {isa = PBXBuildFile; fileRef = 389B9B3825875E240082AEBF /* HomeViewController.swift */; };
		38B7AEF625875B43003433A5 /* AppDelegate.swift in Sources */ = {isa = PBXBuildFile; fileRef = 38B7AEF525875B43003433A5 /* AppDelegate.swift */; };
		38B7AEF825875B43003433A5 /* SceneDelegate.swift in Sources */ = {isa = PBXBuildFile; fileRef = 38B7AEF725875B43003433A5 /* SceneDelegate.swift */; };
		38B7AEFD25875B43003433A5 /* Main.storyboard in Resources */ = {isa = PBXBuildFile; fileRef = 38B7AEFB25875B43003433A5 /* Main.storyboard */; };
		38B7AEFF25875B44003433A5 /* Assets.xcassets in Resources */ = {isa = PBXBuildFile; fileRef = 38B7AEFE25875B44003433A5 /* Assets.xcassets */; };
		38B7AF0225875B44003433A5 /* LaunchScreen.storyboard in Resources */ = {isa = PBXBuildFile; fileRef = 38B7AF0025875B44003433A5 /* LaunchScreen.storyboard */; };
		CC770702EE1F7E758448A8CE /* Pods_IOS_Xacdonald.framework in Frameworks */ = {isa = PBXBuildFile; fileRef = 5E5D2D40CF69EAF946539975 /* Pods_IOS_Xacdonald.framework */; };
/* End PBXBuildFile section */

/* Begin PBXFileReference section */
		38252C1C258762C70044A27D /* HomeCollectionViewCell.swift */ = {isa = PBXFileReference; lastKnownFileType = sourcecode.swift; path = HomeCollectionViewCell.swift; sourceTree = "<group>"; };
		389B9B3825875E240082AEBF /* HomeViewController.swift */ = {isa = PBXFileReference; lastKnownFileType = sourcecode.swift; path = HomeViewController.swift; sourceTree = "<group>"; };
		38B7AEF225875B43003433A5 /* IOS_Xacdonald.app */ = {isa = PBXFileReference; explicitFileType = wrapper.application; includeInIndex = 0; path = IOS_Xacdonald.app; sourceTree = BUILT_PRODUCTS_DIR; };
		38B7AEF525875B43003433A5 /* AppDelegate.swift */ = {isa = PBXFileReference; lastKnownFileType = sourcecode.swift; path = AppDelegate.swift; sourceTree = "<group>"; };
		38B7AEF725875B43003433A5 /* SceneDelegate.swift */ = {isa = PBXFileReference; lastKnownFileType = sourcecode.swift; path = SceneDelegate.swift; sourceTree = "<group>"; };
		38B7AEFC25875B43003433A5 /* Base */ = {isa = PBXFileReference; lastKnownFileType = file.storyboard; name = Base; path = Base.lproj/Main.storyboard; sourceTree = "<group>"; };
		38B7AEFE25875B44003433A5 /* Assets.xcassets */ = {isa = PBXFileReference; lastKnownFileType = folder.assetcatalog; path = Assets.xcassets; sourceTree = "<group>"; };
		38B7AF0125875B44003433A5 /* Base */ = {isa = PBXFileReference; lastKnownFileType = file.storyboard; name = Base; path = Base.lproj/LaunchScreen.storyboard; sourceTree = "<group>"; };
		38B7AF0325875B44003433A5 /* Info.plist */ = {isa = PBXFileReference; lastKnownFileType = text.plist.xml; path = Info.plist; sourceTree = "<group>"; };
		5E5D2D40CF69EAF946539975 /* Pods_IOS_Xacdonald.framework */ = {isa = PBXFileReference; explicitFileType = wrapper.framework; includeInIndex = 0; path = Pods_IOS_Xacdonald.framework; sourceTree = BUILT_PRODUCTS_DIR; };
		AB47D874887A03B9FB9D334C /* Pods-IOS_Xacdonald.release.xcconfig */ = {isa = PBXFileReference; includeInIndex = 1; lastKnownFileType = text.xcconfig; name = "Pods-IOS_Xacdonald.release.xcconfig"; path = "Target Support Files/Pods-IOS_Xacdonald/Pods-IOS_Xacdonald.release.xcconfig"; sourceTree = "<group>"; };
		E01A04DCB6ACBBDC5633A901 /* Pods-IOS_Xacdonald.debug.xcconfig */ = {isa = PBXFileReference; includeInIndex = 1; lastKnownFileType = text.xcconfig; name = "Pods-IOS_Xacdonald.debug.xcconfig"; path = "Target Support Files/Pods-IOS_Xacdonald/Pods-IOS_Xacdonald.debug.xcconfig"; sourceTree = "<group>"; };
/* End PBXFileReference section */

/* Begin PBXFrameworksBuildPhase section */
		38B7AEEF25875B43003433A5 /* Frameworks */ = {
			isa = PBXFrameworksBuildPhase;
			buildActionMask = 2147483647;
			files = (
				CC770702EE1F7E758448A8CE /* Pods_IOS_Xacdonald.framework in Frameworks */,
			);
			runOnlyForDeploymentPostprocessing = 0;
		};
/* End PBXFrameworksBuildPhase section */

/* Begin PBXGroup section */
		31AB571F5F23021DA1A42D25 /* Frameworks */ = {
			isa = PBXGroup;
			children = (
				5E5D2D40CF69EAF946539975 /* Pods_IOS_Xacdonald.framework */,
			);
			name = Frameworks;
			sourceTree = "<group>";
		};
		3337CF36E7B1B1806C3FD26B /* Pods */ = {
			isa = PBXGroup;
			children = (
				E01A04DCB6ACBBDC5633A901 /* Pods-IOS_Xacdonald.debug.xcconfig */,
				AB47D874887A03B9FB9D334C /* Pods-IOS_Xacdonald.release.xcconfig */,
			);
			path = Pods;
			sourceTree = "<group>";
		};
		38252C1B2587629E0044A27D /* CollectionViewCell */ = {
			isa = PBXGroup;
			children = (
				38252C1C258762C70044A27D /* HomeCollectionViewCell.swift */,
			);
			path = CollectionViewCell;
			sourceTree = "<group>";
		};
		389B9B3A25875E2A0082AEBF /* ViewController */ = {
			isa = PBXGroup;
			children = (
				389B9B3825875E240082AEBF /* HomeViewController.swift */,
			);
			path = ViewController;
			sourceTree = "<group>";
		};
		38B7AEE925875B43003433A5 = {
			isa = PBXGroup;
			children = (
				38B7AEF425875B43003433A5 /* IOS_Xacdonald */,
				38B7AEF325875B43003433A5 /* Products */,
				3337CF36E7B1B1806C3FD26B /* Pods */,
				31AB571F5F23021DA1A42D25 /* Frameworks */,
			);
			sourceTree = "<group>";
		};
		38B7AEF325875B43003433A5 /* Products */ = {
			isa = PBXGroup;
			children = (
				38B7AEF225875B43003433A5 /* IOS_Xacdonald.app */,
			);
			name = Products;
			sourceTree = "<group>";
		};
		38B7AEF425875B43003433A5 /* IOS_Xacdonald */ = {
			isa = PBXGroup;
			children = (
				38252C1B2587629E0044A27D /* CollectionViewCell */,
				389B9B3A25875E2A0082AEBF /* ViewController */,
				38B7AEF525875B43003433A5 /* AppDelegate.swift */,
				38B7AEF725875B43003433A5 /* SceneDelegate.swift */,
				38B7AEFB25875B43003433A5 /* Main.storyboard */,
				38B7AEFE25875B44003433A5 /* Assets.xcassets */,
				38B7AF0025875B44003433A5 /* LaunchScreen.storyboard */,
				38B7AF0325875B44003433A5 /* Info.plist */,
			);
			path = IOS_Xacdonald;
			sourceTree = "<group>";
		};
/* End PBXGroup section */

/* Begin PBXNativeTarget section */
		38B7AEF125875B43003433A5 /* IOS_Xacdonald */ = {
			isa = PBXNativeTarget;
			buildConfigurationList = 38B7AF0625875B44003433A5 /* Build configuration list for PBXNativeTarget "IOS_Xacdonald" */;
			buildPhases = (
				A8F155D9243EB5828B7065C4 /* [CP] Check Pods Manifest.lock */,
				38B7AEEE25875B43003433A5 /* Sources */,
				38B7AEEF25875B43003433A5 /* Frameworks */,
				38B7AEF025875B43003433A5 /* Resources */,
				6B2E78063FFFA09493C846E0 /* [CP] Embed Pods Frameworks */,
			);
			buildRules = (
			);
			dependencies = (
			);
			name = IOS_Xacdonald;
			productName = IOS_Xacdonald;
			productReference = 38B7AEF225875B43003433A5 /* IOS_Xacdonald.app */;
			productType = "com.apple.product-type.application";
		};
/* End PBXNativeTarget section */

/* Begin PBXProject section */
		38B7AEEA25875B43003433A5 /* Project object */ = {
			isa = PBXProject;
			attributes = {
				LastSwiftUpdateCheck = 1130;
				LastUpgradeCheck = 1130;
				ORGANIZATIONNAME = velo.yamigiku;
				TargetAttributes = {
					38B7AEF125875B43003433A5 = {
						CreatedOnToolsVersion = 11.3.1;
					};
				};
			};
			buildConfigurationList = 38B7AEED25875B43003433A5 /* Build configuration list for PBXProject "IOS_Xacdonald" */;
			compatibilityVersion = "Xcode 9.3";
			developmentRegion = en;
			hasScannedForEncodings = 0;
			knownRegions = (
				en,
				Base,
			);
			mainGroup = 38B7AEE925875B43003433A5;
			productRefGroup = 38B7AEF325875B43003433A5 /* Products */;
			projectDirPath = "";
			projectRoot = "";
			targets = (
				38B7AEF125875B43003433A5 /* IOS_Xacdonald */,
			);
		};
/* End PBXProject section */

/* Begin PBXResourcesBuildPhase section */
		38B7AEF025875B43003433A5 /* Resources */ = {
			isa = PBXResourcesBuildPhase;
			buildActionMask = 2147483647;
			files = (
				38B7AF0225875B44003433A5 /* LaunchScreen.storyboard in Resources */,
				38B7AEFF25875B44003433A5 /* Assets.xcassets in Resources */,
				38B7AEFD25875B43003433A5 /* Main.storyboard in Resources */,
			);
			runOnlyForDeploymentPostprocessing = 0;
		};
/* End PBXResourcesBuildPhase section */

/* Begin PBXShellScriptBuildPhase section */
		6B2E78063FFFA09493C846E0 /* [CP] Embed Pods Frameworks */ = {
			isa = PBXShellScriptBuildPhase;
			buildActionMask = 2147483647;
			files = (
			);
			inputFileListPaths = (
				"${PODS_ROOT}/Target Support Files/Pods-IOS_Xacdonald/Pods-IOS_Xacdonald-frameworks-${CONFIGURATION}-input-files.xcfilelist",
			);
			name = "[CP] Embed Pods Frameworks";
			outputFileListPaths = (
				"${PODS_ROOT}/Target Support Files/Pods-IOS_Xacdonald/Pods-IOS_Xacdonald-frameworks-${CONFIGURATION}-output-files.xcfilelist",
			);
			runOnlyForDeploymentPostprocessing = 0;
			shellPath = /bin/sh;
			shellScript = "\"${PODS_ROOT}/Target Support Files/Pods-IOS_Xacdonald/Pods-IOS_Xacdonald-frameworks.sh\"\n";
			showEnvVarsInLog = 0;
		};
		A8F155D9243EB5828B7065C4 /* [CP] Check Pods Manifest.lock */ = {
			isa = PBXShellScriptBuildPhase;
			buildActionMask = 2147483647;
			files = (
			);
			inputFileListPaths = (
			);
			inputPaths = (
				"${PODS_PODFILE_DIR_PATH}/Podfile.lock",
				"${PODS_ROOT}/Manifest.lock",
			);
			name = "[CP] Check Pods Manifest.lock";
			outputFileListPaths = (
			);
			outputPaths = (
				"$(DERIVED_FILE_DIR)/Pods-IOS_Xacdonald-checkManifestLockResult.txt",
			);
			runOnlyForDeploymentPostprocessing = 0;
			shellPath = /bin/sh;
			shellScript = "diff \"${PODS_PODFILE_DIR_PATH}/Podfile.lock\" \"${PODS_ROOT}/Manifest.lock\" > /dev/null\nif [ $? != 0 ] ; then\n    # print error to STDERR\n    echo \"error: The sandbox is not in sync with the Podfile.lock. Run 'pod install' or update your CocoaPods installation.\" >&2\n    exit 1\nfi\n# This output is used by Xcode 'outputs' to avoid re-running this script phase.\necho \"SUCCESS\" > \"${SCRIPT_OUTPUT_FILE_0}\"\n";
			showEnvVarsInLog = 0;
		};
/* End PBXShellScriptBuildPhase section */

/* Begin PBXSourcesBuildPhase section */
		38B7AEEE25875B43003433A5 /* Sources */ = {
			isa = PBXSourcesBuildPhase;
			buildActionMask = 2147483647;
			files = (
				38252C1D258762C70044A27D /* HomeCollectionViewCell.swift in Sources */,
				38B7AEF625875B43003433A5 /* AppDelegate.swift in Sources */,
				38B7AEF825875B43003433A5 /* SceneDelegate.swift in Sources */,
				389B9B3925875E240082AEBF /* HomeViewController.swift in Sources */,
			);
			runOnlyForDeploymentPostprocessing = 0;
		};
/* End PBXSourcesBuildPhase section */

/* Begin PBXVariantGroup section */
		38B7AEFB25875B43003433A5 /* Main.storyboard */ = {
			isa = PBXVariantGroup;
			children = (
				38B7AEFC25875B43003433A5 /* Base */,
			);
			name = Main.storyboard;
			sourceTree = "<group>";
		};
		38B7AF0025875B44003433A5 /* LaunchScreen.storyboard */ = {
			isa = PBXVariantGroup;
			children = (
				38B7AF0125875B44003433A5 /* Base */,
			);
			name = LaunchScreen.storyboard;
			sourceTree = "<group>";
		};
/* End PBXVariantGroup section */

/* Begin XCBuildConfiguration section */
		38B7AF0425875B44003433A5 /* Debug */ = {
			isa = XCBuildConfiguration;
			buildSettings = {
				ALWAYS_SEARCH_USER_PATHS = NO;
				CLANG_ANALYZER_NONNULL = YES;
				CLANG_ANALYZER_NUMBER_OBJECT_CONVERSION = YES_AGGRESSIVE;
				CLANG_CXX_LANGUAGE_STANDARD = "gnu++14";
				CLANG_CXX_LIBRARY = "libc++";
				CLANG_ENABLE_MODULES = YES;
				CLANG_ENABLE_OBJC_ARC = YES;
				CLANG_ENABLE_OBJC_WEAK = YES;
				CLANG_WARN_BLOCK_CAPTURE_AUTORELEASING = YES;
				CLANG_WARN_BOOL_CONVERSION = YES;
				CLANG_WARN_COMMA = YES;
				CLANG_WARN_CONSTANT_CONVERSION = YES;
				CLANG_WARN_DEPRECATED_OBJC_IMPLEMENTATIONS = YES;
				CLANG_WARN_DIRECT_OBJC_ISA_USAGE = YES_ERROR;
				CLANG_WARN_DOCUMENTATION_COMMENTS = YES;
				CLANG_WARN_EMPTY_BODY = YES;
				CLANG_WARN_ENUM_CONVERSION = YES;
				CLANG_WARN_INFINITE_RECURSION = YES;
				CLANG_WARN_INT_CONVERSION = YES;
				CLANG_WARN_NON_LITERAL_NULL_CONVERSION = YES;
				CLANG_WARN_OBJC_IMPLICIT_RETAIN_SELF = YES;
				CLANG_WARN_OBJC_LITERAL_CONVERSION = YES;
				CLANG_WARN_OBJC_ROOT_CLASS = YES_ERROR;
				CLANG_WARN_RANGE_LOOP_ANALYSIS = YES;
				CLANG_WARN_STRICT_PROTOTYPES = YES;
				CLANG_WARN_SUSPICIOUS_MOVE = YES;
				CLANG_WARN_UNGUARDED_AVAILABILITY = YES_AGGRESSIVE;
				CLANG_WARN_UNREACHABLE_CODE = YES;
				CLANG_WARN__DUPLICATE_METHOD_MATCH = YES;
				COPY_PHASE_STRIP = NO;
				DEBUG_INFORMATION_FORMAT = dwarf;
				ENABLE_STRICT_OBJC_MSGSEND = YES;
				ENABLE_TESTABILITY = YES;
				GCC_C_LANGUAGE_STANDARD = gnu11;
				GCC_DYNAMIC_NO_PIC = NO;
				GCC_NO_COMMON_BLOCKS = YES;
				GCC_OPTIMIZATION_LEVEL = 0;
				GCC_PREPROCESSOR_DEFINITIONS = (
					"DEBUG=1",
					"$(inherited)",
				);
				GCC_WARN_64_TO_32_BIT_CONVERSION = YES;
				GCC_WARN_ABOUT_RETURN_TYPE = YES_ERROR;
				GCC_WARN_UNDECLARED_SELECTOR = YES;
				GCC_WARN_UNINITIALIZED_AUTOS = YES_AGGRESSIVE;
				GCC_WARN_UNUSED_FUNCTION = YES;
				GCC_WARN_UNUSED_VARIABLE = YES;
				IPHONEOS_DEPLOYMENT_TARGET = 13.2;
				MTL_ENABLE_DEBUG_INFO = INCLUDE_SOURCE;
				MTL_FAST_MATH = YES;
				ONLY_ACTIVE_ARCH = YES;
				SDKROOT = iphoneos;
				SWIFT_ACTIVE_COMPILATION_CONDITIONS = DEBUG;
				SWIFT_OPTIMIZATION_LEVEL = "-Onone";
			};
			name = Debug;
		};
		38B7AF0525875B44003433A5 /* Release */ = {
			isa = XCBuildConfiguration;
			buildSettings = {
				ALWAYS_SEARCH_USER_PATHS = NO;
				CLANG_ANALYZER_NONNULL = YES;
				CLANG_ANALYZER_NUMBER_OBJECT_CONVERSION = YES_AGGRESSIVE;
				CLANG_CXX_LANGUAGE_STANDARD = "gnu++14";
				CLANG_CXX_LIBRARY = "libc++";
				CLANG_ENABLE_MODULES = YES;
				CLANG_ENABLE_OBJC_ARC = YES;
				CLANG_ENABLE_OBJC_WEAK = YES;
				CLANG_WARN_BLOCK_CAPTURE_AUTORELEASING = YES;
				CLANG_WARN_BOOL_CONVERSION = YES;
				CLANG_WARN_COMMA = YES;
				CLANG_WARN_CONSTANT_CONVERSION = YES;
				CLANG_WARN_DEPRECATED_OBJC_IMPLEMENTATIONS = YES;
				CLANG_WARN_DIRECT_OBJC_ISA_USAGE = YES_ERROR;
				CLANG_WARN_DOCUMENTATION_COMMENTS = YES;
				CLANG_WARN_EMPTY_BODY = YES;
				CLANG_WARN_ENUM_CONVERSION = YES;
				CLANG_WARN_INFINITE_RECURSION = YES;
				CLANG_WARN_INT_CONVERSION = YES;
				CLANG_WARN_NON_LITERAL_NULL_CONVERSION = YES;
				CLANG_WARN_OBJC_IMPLICIT_RETAIN_SELF = YES;
				CLANG_WARN_OBJC_LITERAL_CONVERSION = YES;
				CLANG_WARN_OBJC_ROOT_CLASS = YES_ERROR;
				CLANG_WARN_RANGE_LOOP_ANALYSIS = YES;
				CLANG_WARN_STRICT_PROTOTYPES = YES;
				CLANG_WARN_SUSPICIOUS_MOVE = YES;
				CLANG_WARN_UNGUARDED_AVAILABILITY = YES_AGGRESSIVE;
				CLANG_WARN_UNREACHABLE_CODE = YES;
				CLANG_WARN__DUPLICATE_METHOD_MATCH = YES;
				COPY_PHASE_STRIP = NO;
				DEBUG_INFORMATION_FORMAT = "dwarf-with-dsym";
				ENABLE_NS_ASSERTIONS = NO;
				ENABLE_STRICT_OBJC_MSGSEND = YES;
				GCC_C_LANGUAGE_STANDARD = gnu11;
				GCC_NO_COMMON_BLOCKS = YES;
				GCC_WARN_64_TO_32_BIT_CONVERSION = YES;
				GCC_WARN_ABOUT_RETURN_TYPE = YES_ERROR;
				GCC_WARN_UNDECLARED_SELECTOR = YES;
				GCC_WARN_UNINITIALIZED_AUTOS = YES_AGGRESSIVE;
				GCC_WARN_UNUSED_FUNCTION = YES;
				GCC_WARN_UNUSED_VARIABLE = YES;
				IPHONEOS_DEPLOYMENT_TARGET = 13.2;
				MTL_ENABLE_DEBUG_INFO = NO;
				MTL_FAST_MATH = YES;
				SDKROOT = iphoneos;
				SWIFT_COMPILATION_MODE = wholemodule;
				SWIFT_OPTIMIZATION_LEVEL = "-O";
				VALIDATE_PRODUCT = YES;
			};
			name = Release;
		};
		38B7AF0725875B44003433A5 /* Debug */ = {
			isa = XCBuildConfiguration;
			baseConfigurationReference = E01A04DCB6ACBBDC5633A901 /* Pods-IOS_Xacdonald.debug.xcconfig */;
			buildSettings = {
				ASSETCATALOG_COMPILER_APPICON_NAME = AppIcon;
				CODE_SIGN_STYLE = Automatic;
				INFOPLIST_FILE = IOS_Xacdonald/Info.plist;
				LD_RUNPATH_SEARCH_PATHS = (
					"$(inherited)",
					"@executable_path/Frameworks",
				);
				PRODUCT_BUNDLE_IDENTIFIER = "jp.co.myself.IOS-Xacdonald";
				PRODUCT_NAME = "$(TARGET_NAME)";
				SWIFT_VERSION = 5.0;
				TARGETED_DEVICE_FAMILY = "1,2";
			};
			name = Debug;
		};
		38B7AF0825875B44003433A5 /* Release */ = {
			isa = XCBuildConfiguration;
			baseConfigurationReference = AB47D874887A03B9FB9D334C /* Pods-IOS_Xacdonald.release.xcconfig */;
			buildSettings = {
				ASSETCATALOG_COMPILER_APPICON_NAME = AppIcon;
				CODE_SIGN_STYLE = Automatic;
				INFOPLIST_FILE = IOS_Xacdonald/Info.plist;
				LD_RUNPATH_SEARCH_PATHS = (
					"$(inherited)",
					"@executable_path/Frameworks",
				);
				PRODUCT_BUNDLE_IDENTIFIER = "jp.co.myself.IOS-Xacdonald";
				PRODUCT_NAME = "$(TARGET_NAME)";
				SWIFT_VERSION = 5.0;
				TARGETED_DEVICE_FAMILY = "1,2";
			};
			name = Release;
		};
/* End XCBuildConfiguration section */

/* Begin XCConfigurationList section */
		38B7AEED25875B43003433A5 /* Build configuration list for PBXProject "IOS_Xacdonald" */ = {
			isa = XCConfigurationList;
			buildConfigurations = (
				38B7AF0425875B44003433A5 /* Debug */,
				38B7AF0525875B44003433A5 /* Release */,
			);
			defaultConfigurationIsVisible = 0;
			defaultConfigurationName = Release;
		};
		38B7AF0625875B44003433A5 /* Build configuration list for PBXNativeTarget "IOS_Xacdonald" */ = {
			isa = XCConfigurationList;
			buildConfigurations = (
				38B7AF0725875B44003433A5 /* Debug */,
				38B7AF0825875B44003433A5 /* Release */,
			);
			defaultConfigurationIsVisible = 0;
			defaultConfigurationName = Release;
		};
/* End XCConfigurationList section */
	};
	rootObject = 38B7AEEA25875B43003433A5 /* Project object */;
}
