// !$*UTF8*$!
{
	archiveVersion = 1;
	classes = {
	};
	objectVersion = 51;
	objects = {

/* Begin PBXBuildFile section */
		350216B82590D8E500CEA169 /* ItemRepository.swift in Sources */ = {isa = PBXBuildFile; fileRef = 350216B72590D8E500CEA169 /* ItemRepository.swift */; };
		350216BC2590D9F500CEA169 /* RecommendedItem.swift in Sources */ = {isa = PBXBuildFile; fileRef = 350216BB2590D9F500CEA169 /* RecommendedItem.swift */; };
		3506ED8B261920CB00A55C40 /* CVPVCViewController.swift in Sources */ = {isa = PBXBuildFile; fileRef = 3506ED8A261920CB00A55C40 /* CVPVCViewController.swift */; };
		3506EDA8261926B300A55C40 /* MenuViewModel.swift in Sources */ = {isa = PBXBuildFile; fileRef = 3506EDA7261926B300A55C40 /* MenuViewModel.swift */; };
		3506EDAB2619278500A55C40 /* MenuItem.swift in Sources */ = {isa = PBXBuildFile; fileRef = 3506EDAA2619278500A55C40 /* MenuItem.swift */; };
		3506EDB12619287200A55C40 /* RepositoryError.swift in Sources */ = {isa = PBXBuildFile; fileRef = 3506EDB02619287200A55C40 /* RepositoryError.swift */; };
		35085BA425FEC5C5003FCF98 /* CouponCollectionViewCell.swift in Sources */ = {isa = PBXBuildFile; fileRef = 35085BA325FEC5C5003FCF98 /* CouponCollectionViewCell.swift */; };
		35085BA725FECF20003FCF98 /* String.swift in Sources */ = {isa = PBXBuildFile; fileRef = 35085BA625FECF20003FCF98 /* String.swift */; };
		35392FAB25E2EA9100499653 /* HomeViewModel.swift in Sources */ = {isa = PBXBuildFile; fileRef = 35392FAA25E2EA9100499653 /* HomeViewModel.swift */; };
		35392FAE25E2ECD900499653 /* RecommendedItemSet.swift in Sources */ = {isa = PBXBuildFile; fileRef = 35392FAD25E2ECD900499653 /* RecommendedItemSet.swift */; };
		3548A11025ED9922000B5024 /* MainTabBarController.swift in Sources */ = {isa = PBXBuildFile; fileRef = 3548A10F25ED9922000B5024 /* MainTabBarController.swift */; };
		3548A11425EDA2AD000B5024 /* CouponViewController.swift in Sources */ = {isa = PBXBuildFile; fileRef = 3548A11325EDA2AD000B5024 /* CouponViewController.swift */; };
		354D3F9925F17FF100E72722 /* CouponItemTableViewCell.swift in Sources */ = {isa = PBXBuildFile; fileRef = 354D3F9825F17FF100E72722 /* CouponItemTableViewCell.swift */; };
		3586AD0725DC624800D85612 /* LowPriceItemTableViewCell.swift in Sources */ = {isa = PBXBuildFile; fileRef = 3586AD0625DC624800D85612 /* LowPriceItemTableViewCell.swift */; };
		358F7C3B25DD2A0D00EBA48C /* RecommendedItemTableViewCell.swift in Sources */ = {isa = PBXBuildFile; fileRef = 358F7C3A25DD2A0D00EBA48C /* RecommendedItemTableViewCell.swift */; };
		358F7C3F25DD974800EBA48C /* RecommendedItemView.swift in Sources */ = {isa = PBXBuildFile; fileRef = 358F7C3E25DD974800EBA48C /* RecommendedItemView.swift */; };
		359108E126187D83003D04E5 /* MenuViewController.swift in Sources */ = {isa = PBXBuildFile; fileRef = 359108E026187D83003D04E5 /* MenuViewController.swift */; };
		359108E4261884B0003D04E5 /* Menu.swift in Sources */ = {isa = PBXBuildFile; fileRef = 359108E3261884B0003D04E5 /* Menu.swift */; };
		35A34A9425E1904500983CE5 /* LowPriceItem.swift in Sources */ = {isa = PBXBuildFile; fileRef = 35A34A9325E1904500983CE5 /* LowPriceItem.swift */; };
		35B1F73E2616612B007D6A4B /* CollectionViewPageViewController.swift in Sources */ = {isa = PBXBuildFile; fileRef = 35B1F73D2616612B007D6A4B /* CollectionViewPageViewController.swift */; };
		35D5E12F2606B2F500846D0F /* CouponDetailViewController.swift in Sources */ = {isa = PBXBuildFile; fileRef = 35D5E12E2606B2F500846D0F /* CouponDetailViewController.swift */; };
		35D5E1322606B94300846D0F /* CouponDetailView.swift in Sources */ = {isa = PBXBuildFile; fileRef = 35D5E1312606B94300846D0F /* CouponDetailView.swift */; };
		35D8E25C26240BAA00164A6B /* MenuItemRepository.swift in Sources */ = {isa = PBXBuildFile; fileRef = 35D8E25B26240BAA00164A6B /* MenuItemRepository.swift */; };
		35E6909025F0B6DE0038C9D8 /* CouponItem.swift in Sources */ = {isa = PBXBuildFile; fileRef = 35E6908F25F0B6DE0038C9D8 /* CouponItem.swift */; };
		35E6909325F0B6FB0038C9D8 /* CouponItemRepository.swift in Sources */ = {isa = PBXBuildFile; fileRef = 35E6909225F0B6FB0038C9D8 /* CouponItemRepository.swift */; };
		35E6909625F0B71A0038C9D8 /* ModelConstant.swift in Sources */ = {isa = PBXBuildFile; fileRef = 35E6909525F0B71A0038C9D8 /* ModelConstant.swift */; };
		35E6909925F0B75B0038C9D8 /* CouponViewModel.swift in Sources */ = {isa = PBXBuildFile; fileRef = 35E6909825F0B75B0038C9D8 /* CouponViewModel.swift */; };
		35F392072590DCBB0043257F /* HttpGet.swift in Sources */ = {isa = PBXBuildFile; fileRef = 35F392062590DCBB0043257F /* HttpGet.swift */; };
		389B9B3925875E240082AEBF /* HomeViewController.swift in Sources */ = {isa = PBXBuildFile; fileRef = 389B9B3825875E240082AEBF /* HomeViewController.swift */; };
		38B7AEF625875B43003433A5 /* AppDelegate.swift in Sources */ = {isa = PBXBuildFile; fileRef = 38B7AEF525875B43003433A5 /* AppDelegate.swift */; };
		38B7AEF825875B43003433A5 /* SceneDelegate.swift in Sources */ = {isa = PBXBuildFile; fileRef = 38B7AEF725875B43003433A5 /* SceneDelegate.swift */; };
		38B7AEFF25875B44003433A5 /* Assets.xcassets in Resources */ = {isa = PBXBuildFile; fileRef = 38B7AEFE25875B44003433A5 /* Assets.xcassets */; };
		38B7AF0225875B44003433A5 /* LaunchScreen.storyboard in Resources */ = {isa = PBXBuildFile; fileRef = 38B7AF0025875B44003433A5 /* LaunchScreen.storyboard */; };
		CC770702EE1F7E758448A8CE /* Pods_IOS_Xacdonald.framework in Frameworks */ = {isa = PBXBuildFile; fileRef = 5E5D2D40CF69EAF946539975 /* Pods_IOS_Xacdonald.framework */; };
/* End PBXBuildFile section */

/* Begin PBXFileReference section */
		350216B72590D8E500CEA169 /* ItemRepository.swift */ = {isa = PBXFileReference; lastKnownFileType = sourcecode.swift; path = ItemRepository.swift; sourceTree = "<group>"; };
		350216BB2590D9F500CEA169 /* RecommendedItem.swift */ = {isa = PBXFileReference; lastKnownFileType = sourcecode.swift; path = RecommendedItem.swift; sourceTree = "<group>"; };
		3506ED8A261920CB00A55C40 /* CVPVCViewController.swift */ = {isa = PBXFileReference; lastKnownFileType = sourcecode.swift; path = CVPVCViewController.swift; sourceTree = "<group>"; };
		3506EDA7261926B300A55C40 /* MenuViewModel.swift */ = {isa = PBXFileReference; lastKnownFileType = sourcecode.swift; path = MenuViewModel.swift; sourceTree = "<group>"; };
		3506EDAA2619278500A55C40 /* MenuItem.swift */ = {isa = PBXFileReference; lastKnownFileType = sourcecode.swift; path = MenuItem.swift; sourceTree = "<group>"; };
		3506EDB02619287200A55C40 /* RepositoryError.swift */ = {isa = PBXFileReference; lastKnownFileType = sourcecode.swift; path = RepositoryError.swift; sourceTree = "<group>"; };
		35085BA325FEC5C5003FCF98 /* CouponCollectionViewCell.swift */ = {isa = PBXFileReference; lastKnownFileType = sourcecode.swift; path = CouponCollectionViewCell.swift; sourceTree = "<group>"; };
		35085BA625FECF20003FCF98 /* String.swift */ = {isa = PBXFileReference; lastKnownFileType = sourcecode.swift; path = String.swift; sourceTree = "<group>"; };
		35392FAA25E2EA9100499653 /* HomeViewModel.swift */ = {isa = PBXFileReference; lastKnownFileType = sourcecode.swift; path = HomeViewModel.swift; sourceTree = "<group>"; };
		35392FAD25E2ECD900499653 /* RecommendedItemSet.swift */ = {isa = PBXFileReference; lastKnownFileType = sourcecode.swift; path = RecommendedItemSet.swift; sourceTree = "<group>"; };
		3548A10F25ED9922000B5024 /* MainTabBarController.swift */ = {isa = PBXFileReference; lastKnownFileType = sourcecode.swift; path = MainTabBarController.swift; sourceTree = "<group>"; };
		3548A11325EDA2AD000B5024 /* CouponViewController.swift */ = {isa = PBXFileReference; lastKnownFileType = sourcecode.swift; path = CouponViewController.swift; sourceTree = "<group>"; };
		354D3F9825F17FF100E72722 /* CouponItemTableViewCell.swift */ = {isa = PBXFileReference; lastKnownFileType = sourcecode.swift; path = CouponItemTableViewCell.swift; sourceTree = "<group>"; };
		3586AD0625DC624800D85612 /* LowPriceItemTableViewCell.swift */ = {isa = PBXFileReference; lastKnownFileType = sourcecode.swift; path = LowPriceItemTableViewCell.swift; sourceTree = "<group>"; };
		358F7C3A25DD2A0D00EBA48C /* RecommendedItemTableViewCell.swift */ = {isa = PBXFileReference; lastKnownFileType = sourcecode.swift; path = RecommendedItemTableViewCell.swift; sourceTree = "<group>"; };
		358F7C3E25DD974800EBA48C /* RecommendedItemView.swift */ = {isa = PBXFileReference; lastKnownFileType = sourcecode.swift; path = RecommendedItemView.swift; sourceTree = "<group>"; };
		359108E026187D83003D04E5 /* MenuViewController.swift */ = {isa = PBXFileReference; lastKnownFileType = sourcecode.swift; path = MenuViewController.swift; sourceTree = "<group>"; };
		359108E3261884B0003D04E5 /* Menu.swift */ = {isa = PBXFileReference; lastKnownFileType = sourcecode.swift; path = Menu.swift; sourceTree = "<group>"; };
		35A34A9325E1904500983CE5 /* LowPriceItem.swift */ = {isa = PBXFileReference; lastKnownFileType = sourcecode.swift; path = LowPriceItem.swift; sourceTree = "<group>"; };
		35B1F73D2616612B007D6A4B /* CollectionViewPageViewController.swift */ = {isa = PBXFileReference; lastKnownFileType = sourcecode.swift; path = CollectionViewPageViewController.swift; sourceTree = "<group>"; };
		35D5E12E2606B2F500846D0F /* CouponDetailViewController.swift */ = {isa = PBXFileReference; lastKnownFileType = sourcecode.swift; path = CouponDetailViewController.swift; sourceTree = "<group>"; };
		35D5E1312606B94300846D0F /* CouponDetailView.swift */ = {isa = PBXFileReference; lastKnownFileType = sourcecode.swift; path = CouponDetailView.swift; sourceTree = "<group>"; };
		35D8E25B26240BAA00164A6B /* MenuItemRepository.swift */ = {isa = PBXFileReference; lastKnownFileType = sourcecode.swift; path = MenuItemRepository.swift; sourceTree = "<group>"; };
		35E6908F25F0B6DE0038C9D8 /* CouponItem.swift */ = {isa = PBXFileReference; lastKnownFileType = sourcecode.swift; path = CouponItem.swift; sourceTree = "<group>"; };
		35E6909225F0B6FB0038C9D8 /* CouponItemRepository.swift */ = {isa = PBXFileReference; lastKnownFileType = sourcecode.swift; path = CouponItemRepository.swift; sourceTree = "<group>"; };
		35E6909525F0B71A0038C9D8 /* ModelConstant.swift */ = {isa = PBXFileReference; lastKnownFileType = sourcecode.swift; path = ModelConstant.swift; sourceTree = "<group>"; };
		35E6909825F0B75B0038C9D8 /* CouponViewModel.swift */ = {isa = PBXFileReference; lastKnownFileType = sourcecode.swift; path = CouponViewModel.swift; sourceTree = "<group>"; };
		35F392062590DCBB0043257F /* HttpGet.swift */ = {isa = PBXFileReference; lastKnownFileType = sourcecode.swift; path = HttpGet.swift; sourceTree = "<group>"; };
		389B9B3825875E240082AEBF /* HomeViewController.swift */ = {isa = PBXFileReference; lastKnownFileType = sourcecode.swift; path = HomeViewController.swift; sourceTree = "<group>"; };
		38B7AEF225875B43003433A5 /* IOS_Xacdonald.app */ = {isa = PBXFileReference; explicitFileType = wrapper.application; includeInIndex = 0; path = IOS_Xacdonald.app; sourceTree = BUILT_PRODUCTS_DIR; };
		38B7AEF525875B43003433A5 /* AppDelegate.swift */ = {isa = PBXFileReference; lastKnownFileType = sourcecode.swift; path = AppDelegate.swift; sourceTree = "<group>"; };
		38B7AEF725875B43003433A5 /* SceneDelegate.swift */ = {isa = PBXFileReference; lastKnownFileType = sourcecode.swift; path = SceneDelegate.swift; sourceTree = "<group>"; };
		38B7AEFE25875B44003433A5 /* Assets.xcassets */ = {isa = PBXFileReference; lastKnownFileType = folder.assetcatalog; path = Assets.xcassets; sourceTree = "<group>"; };
		38B7AF0125875B44003433A5 /* Base */ = {isa = PBXFileReference; lastKnownFileType = file.storyboard; name = Base; path = Base.lproj/LaunchScreen.storyboard; sourceTree = "<group>"; };
		38B7AF0325875B44003433A5 /* Info.plist */ = {isa = PBXFileReference; lastKnownFileType = text.plist.xml; path = Info.plist; sourceTree = "<group>"; };
		5E5D2D40CF69EAF946539975 /* Pods_IOS_Xacdonald.framework */ = {isa = PBXFileReference; explicitFileType = wrapper.framework; includeInIndex = 0; path = Pods_IOS_Xacdonald.framework; sourceTree = BUILT_PRODUCTS_DIR; };
		AB47D874887A03B9FB9D334C /* Pods-IOS_Xacdonald.release.xcconfig */ = {isa = PBXFileReference; includeInIndex = 1; lastKnownFileType = text.xcconfig; name = "Pods-IOS_Xacdonald.release.xcconfig"; path = "Target Support Files/Pods-IOS_Xacdonald/Pods-IOS_Xacdonald.release.xcconfig"; sourceTree = "<group>"; };
		E01A04DCB6ACBBDC5633A901 /* Pods-IOS_Xacdonald.debug.xcconfig */ = {isa = PBXFileReference; includeInIndex = 1; lastKnownFileType = text.xcconfig; name = "Pods-IOS_Xacdonald.debug.xcconfig"; path = "Target Support Files/Pods-IOS_Xacdonald/Pods-IOS_Xacdonald.debug.xcconfig"; sourceTree = "<group>"; };
/* End PBXFileReference section */

/* Begin PBXFrameworksBuildPhase section */
		38B7AEEF25875B43003433A5 /* Frameworks */ = {
			isa = PBXFrameworksBuildPhase;
			buildActionMask = 2147483647;
			files = (
				CC770702EE1F7E758448A8CE /* Pods_IOS_Xacdonald.framework in Frameworks */,
			);
			runOnlyForDeploymentPostprocessing = 0;
		};
/* End PBXFrameworksBuildPhase section */

/* Begin PBXGroup section */
		31AB571F5F23021DA1A42D25 /* Frameworks */ = {
			isa = PBXGroup;
			children = (
				5E5D2D40CF69EAF946539975 /* Pods_IOS_Xacdonald.framework */,
			);
			name = Frameworks;
			sourceTree = "<group>";
		};
		3337CF36E7B1B1806C3FD26B /* Pods */ = {
			isa = PBXGroup;
			children = (
				E01A04DCB6ACBBDC5633A901 /* Pods-IOS_Xacdonald.debug.xcconfig */,
				AB47D874887A03B9FB9D334C /* Pods-IOS_Xacdonald.release.xcconfig */,
			);
			path = Pods;
			sourceTree = "<group>";
		};
		350216B52590D70E00CEA169 /* ViewModel */ = {
			isa = PBXGroup;
			children = (
				35392FAA25E2EA9100499653 /* HomeViewModel.swift */,
				35E6909825F0B75B0038C9D8 /* CouponViewModel.swift */,
				3506EDA7261926B300A55C40 /* MenuViewModel.swift */,
			);
			path = ViewModel;
			sourceTree = "<group>";
		};
		350216B62590D72900CEA169 /* Model */ = {
			isa = PBXGroup;
			children = (
				350216B72590D8E500CEA169 /* ItemRepository.swift */,
				350216BB2590D9F500CEA169 /* RecommendedItem.swift */,
				35A34A9325E1904500983CE5 /* LowPriceItem.swift */,
				35392FAD25E2ECD900499653 /* RecommendedItemSet.swift */,
				35E6908F25F0B6DE0038C9D8 /* CouponItem.swift */,
				35E6909225F0B6FB0038C9D8 /* CouponItemRepository.swift */,
				35E6909525F0B71A0038C9D8 /* ModelConstant.swift */,
				359108E3261884B0003D04E5 /* Menu.swift */,
				3506EDAA2619278500A55C40 /* MenuItem.swift */,
				35D8E25B26240BAA00164A6B /* MenuItemRepository.swift */,
				3506EDB02619287200A55C40 /* RepositoryError.swift */,
			);
			path = Model;
			sourceTree = "<group>";
		};
		35085BA225FEC4D6003FCF98 /* CollectionViewCell */ = {
			isa = PBXGroup;
			children = (
				35085BA325FEC5C5003FCF98 /* CouponCollectionViewCell.swift */,
			);
			path = CollectionViewCell;
			sourceTree = "<group>";
		};
		3586AD0525DC621100D85612 /* TableViewCell */ = {
			isa = PBXGroup;
			children = (
				3586AD0625DC624800D85612 /* LowPriceItemTableViewCell.swift */,
				358F7C3A25DD2A0D00EBA48C /* RecommendedItemTableViewCell.swift */,
				354D3F9825F17FF100E72722 /* CouponItemTableViewCell.swift */,
			);
			path = TableViewCell;
			sourceTree = "<group>";
		};
		358F7C3D25DD968300EBA48C /* View */ = {
			isa = PBXGroup;
			children = (
				358F7C3E25DD974800EBA48C /* RecommendedItemView.swift */,
				35D5E1312606B94300846D0F /* CouponDetailView.swift */,
			);
			path = View;
			sourceTree = "<group>";
		};
		35F392052590DCA30043257F /* Utils */ = {
			isa = PBXGroup;
			children = (
				35F392062590DCBB0043257F /* HttpGet.swift */,
				35085BA625FECF20003FCF98 /* String.swift */,
			);
			path = Utils;
			sourceTree = "<group>";
		};
		389B9B3A25875E2A0082AEBF /* Controller */ = {
			isa = PBXGroup;
			children = (
				389B9B3825875E240082AEBF /* HomeViewController.swift */,
				3548A10F25ED9922000B5024 /* MainTabBarController.swift */,
				3548A11325EDA2AD000B5024 /* CouponViewController.swift */,
				35D5E12E2606B2F500846D0F /* CouponDetailViewController.swift */,
				35B1F73D2616612B007D6A4B /* CollectionViewPageViewController.swift */,
				359108E026187D83003D04E5 /* MenuViewController.swift */,
				3506ED8A261920CB00A55C40 /* CVPVCViewController.swift */,
			);
			path = Controller;
			sourceTree = "<group>";
		};
		38B7AEE925875B43003433A5 = {
			isa = PBXGroup;
			children = (
				38B7AEF425875B43003433A5 /* IOS_Xacdonald */,
				38B7AEF325875B43003433A5 /* Products */,
				3337CF36E7B1B1806C3FD26B /* Pods */,
				31AB571F5F23021DA1A42D25 /* Frameworks */,
			);
			sourceTree = "<group>";
		};
		38B7AEF325875B43003433A5 /* Products */ = {
			isa = PBXGroup;
			children = (
				38B7AEF225875B43003433A5 /* IOS_Xacdonald.app */,
			);
			name = Products;
			sourceTree = "<group>";
		};
		38B7AEF425875B43003433A5 /* IOS_Xacdonald */ = {
			isa = PBXGroup;
			children = (
				35085BA225FEC4D6003FCF98 /* CollectionViewCell */,
				3586AD0525DC621100D85612 /* TableViewCell */,
				350216B62590D72900CEA169 /* Model */,
				358F7C3D25DD968300EBA48C /* View */,
				389B9B3A25875E2A0082AEBF /* Controller */,
				350216B52590D70E00CEA169 /* ViewModel */,
				35F392052590DCA30043257F /* Utils */,
				38B7AEF525875B43003433A5 /* AppDelegate.swift */,
				38B7AEF725875B43003433A5 /* SceneDelegate.swift */,
				38B7AEFE25875B44003433A5 /* Assets.xcassets */,
				38B7AF0025875B44003433A5 /* LaunchScreen.storyboard */,
				38B7AF0325875B44003433A5 /* Info.plist */,
			);
			path = IOS_Xacdonald;
			sourceTree = "<group>";
		};
/* End PBXGroup section */

/* Begin PBXNativeTarget section */
		38B7AEF125875B43003433A5 /* IOS_Xacdonald */ = {
			isa = PBXNativeTarget;
			buildConfigurationList = 38B7AF0625875B44003433A5 /* Build configuration list for PBXNativeTarget "IOS_Xacdonald" */;
			buildPhases = (
				A8F155D9243EB5828B7065C4 /* [CP] Check Pods Manifest.lock */,
				38B7AEEE25875B43003433A5 /* Sources */,
				38B7AEEF25875B43003433A5 /* Frameworks */,
				38B7AEF025875B43003433A5 /* Resources */,
				6B2E78063FFFA09493C846E0 /* [CP] Embed Pods Frameworks */,
			);
			buildRules = (
			);
			dependencies = (
			);
			name = IOS_Xacdonald;
			productName = IOS_Xacdonald;
			productReference = 38B7AEF225875B43003433A5 /* IOS_Xacdonald.app */;
			productType = "com.apple.product-type.application";
		};
/* End PBXNativeTarget section */

/* Begin PBXProject section */
		38B7AEEA25875B43003433A5 /* Project object */ = {
			isa = PBXProject;
			attributes = {
				LastSwiftUpdateCheck = 1130;
				LastUpgradeCheck = 1130;
				ORGANIZATIONNAME = velo.yamigiku;
				TargetAttributes = {
					38B7AEF125875B43003433A5 = {
						CreatedOnToolsVersion = 11.3.1;
					};
				};
			};
			buildConfigurationList = 38B7AEED25875B43003433A5 /* Build configuration list for PBXProject "IOS_Xacdonald" */;
			compatibilityVersion = "Xcode 9.3";
			developmentRegion = en;
			hasScannedForEncodings = 0;
			knownRegions = (
				en,
				Base,
			);
			mainGroup = 38B7AEE925875B43003433A5;
			productRefGroup = 38B7AEF325875B43003433A5 /* Products */;
			projectDirPath = "";
			projectRoot = "";
			targets = (
				38B7AEF125875B43003433A5 /* IOS_Xacdonald */,
			);
		};
/* End PBXProject section */

/* Begin PBXResourcesBuildPhase section */
		38B7AEF025875B43003433A5 /* Resources */ = {
			isa = PBXResourcesBuildPhase;
			buildActionMask = 2147483647;
			files = (
				38B7AF0225875B44003433A5 /* LaunchScreen.storyboard in Resources */,
				38B7AEFF25875B44003433A5 /* Assets.xcassets in Resources */,
			);
			runOnlyForDeploymentPostprocessing = 0;
		};
/* End PBXResourcesBuildPhase section */

/* Begin PBXShellScriptBuildPhase section */
		6B2E78063FFFA09493C846E0 /* [CP] Embed Pods Frameworks */ = {
			isa = PBXShellScriptBuildPhase;
			buildActionMask = 2147483647;
			files = (
			);
			inputFileListPaths = (
				"${PODS_ROOT}/Target Support Files/Pods-IOS_Xacdonald/Pods-IOS_Xacdonald-frameworks-${CONFIGURATION}-input-files.xcfilelist",
			);
			name = "[CP] Embed Pods Frameworks";
			outputFileListPaths = (
				"${PODS_ROOT}/Target Support Files/Pods-IOS_Xacdonald/Pods-IOS_Xacdonald-frameworks-${CONFIGURATION}-output-files.xcfilelist",
			);
			runOnlyForDeploymentPostprocessing = 0;
			shellPath = /bin/sh;
			shellScript = "\"${PODS_ROOT}/Target Support Files/Pods-IOS_Xacdonald/Pods-IOS_Xacdonald-frameworks.sh\"\n";
			showEnvVarsInLog = 0;
		};
		A8F155D9243EB5828B7065C4 /* [CP] Check Pods Manifest.lock */ = {
			isa = PBXShellScriptBuildPhase;
			buildActionMask = 2147483647;
			files = (
			);
			inputFileListPaths = (
			);
			inputPaths = (
				"${PODS_PODFILE_DIR_PATH}/Podfile.lock",
				"${PODS_ROOT}/Manifest.lock",
			);
			name = "[CP] Check Pods Manifest.lock";
			outputFileListPaths = (
			);
			outputPaths = (
				"$(DERIVED_FILE_DIR)/Pods-IOS_Xacdonald-checkManifestLockResult.txt",
			);
			runOnlyForDeploymentPostprocessing = 0;
			shellPath = /bin/sh;
			shellScript = "diff \"${PODS_PODFILE_DIR_PATH}/Podfile.lock\" \"${PODS_ROOT}/Manifest.lock\" > /dev/null\nif [ $? != 0 ] ; then\n    # print error to STDERR\n    echo \"error: The sandbox is not in sync with the Podfile.lock. Run 'pod install' or update your CocoaPods installation.\" >&2\n    exit 1\nfi\n# This output is used by Xcode 'outputs' to avoid re-running this script phase.\necho \"SUCCESS\" > \"${SCRIPT_OUTPUT_FILE_0}\"\n";
			showEnvVarsInLog = 0;
		};
/* End PBXShellScriptBuildPhase section */

/* Begin PBXSourcesBuildPhase section */
		38B7AEEE25875B43003433A5 /* Sources */ = {
			isa = PBXSourcesBuildPhase;
			buildActionMask = 2147483647;
			files = (
				35A34A9425E1904500983CE5 /* LowPriceItem.swift in Sources */,
				35E6909625F0B71A0038C9D8 /* ModelConstant.swift in Sources */,
				35085BA725FECF20003FCF98 /* String.swift in Sources */,
				3506ED8B261920CB00A55C40 /* CVPVCViewController.swift in Sources */,
				35D5E1322606B94300846D0F /* CouponDetailView.swift in Sources */,
				354D3F9925F17FF100E72722 /* CouponItemTableViewCell.swift in Sources */,
				35392FAE25E2ECD900499653 /* RecommendedItemSet.swift in Sources */,
				35085BA425FEC5C5003FCF98 /* CouponCollectionViewCell.swift in Sources */,
				35F392072590DCBB0043257F /* HttpGet.swift in Sources */,
				35E6909925F0B75B0038C9D8 /* CouponViewModel.swift in Sources */,
				35D8E25C26240BAA00164A6B /* MenuItemRepository.swift in Sources */,
				358F7C3F25DD974800EBA48C /* RecommendedItemView.swift in Sources */,
				3586AD0725DC624800D85612 /* LowPriceItemTableViewCell.swift in Sources */,
				358F7C3B25DD2A0D00EBA48C /* RecommendedItemTableViewCell.swift in Sources */,
				350216BC2590D9F500CEA169 /* RecommendedItem.swift in Sources */,
				3548A11025ED9922000B5024 /* MainTabBarController.swift in Sources */,
				3506EDA8261926B300A55C40 /* MenuViewModel.swift in Sources */,
				350216B82590D8E500CEA169 /* ItemRepository.swift in Sources */,
				35392FAB25E2EA9100499653 /* HomeViewModel.swift in Sources */,
				359108E126187D83003D04E5 /* MenuViewController.swift in Sources */,
				38B7AEF625875B43003433A5 /* AppDelegate.swift in Sources */,
				38B7AEF825875B43003433A5 /* SceneDelegate.swift in Sources */,
				3548A11425EDA2AD000B5024 /* CouponViewController.swift in Sources */,
				35E6909325F0B6FB0038C9D8 /* CouponItemRepository.swift in Sources */,
				35E6909025F0B6DE0038C9D8 /* CouponItem.swift in Sources */,
				359108E4261884B0003D04E5 /* Menu.swift in Sources */,
				389B9B3925875E240082AEBF /* HomeViewController.swift in Sources */,
				3506EDB12619287200A55C40 /* RepositoryError.swift in Sources */,
				3506EDAB2619278500A55C40 /* MenuItem.swift in Sources */,
				35B1F73E2616612B007D6A4B /* CollectionViewPageViewController.swift in Sources */,
				35D5E12F2606B2F500846D0F /* CouponDetailViewController.swift in Sources */,
			);
			runOnlyForDeploymentPostprocessing = 0;
		};
/* End PBXSourcesBuildPhase section */

/* Begin PBXVariantGroup section */
		38B7AF0025875B44003433A5 /* LaunchScreen.storyboard */ = {
			isa = PBXVariantGroup;
			children = (
				38B7AF0125875B44003433A5 /* Base */,
			);
			name = LaunchScreen.storyboard;
			sourceTree = "<group>";
		};
/* End PBXVariantGroup section */

/* Begin XCBuildConfiguration section */
		38B7AF0425875B44003433A5 /* Debug */ = {
			isa = XCBuildConfiguration;
			buildSettings = {
				ALWAYS_SEARCH_USER_PATHS = NO;
				CLANG_ANALYZER_NONNULL = YES;
				CLANG_ANALYZER_NUMBER_OBJECT_CONVERSION = YES_AGGRESSIVE;
				CLANG_CXX_LANGUAGE_STANDARD = "gnu++14";
				CLANG_CXX_LIBRARY = "libc++";
				CLANG_ENABLE_MODULES = YES;
				CLANG_ENABLE_OBJC_ARC = YES;
				CLANG_ENABLE_OBJC_WEAK = YES;
				CLANG_WARN_BLOCK_CAPTURE_AUTORELEASING = YES;
				CLANG_WARN_BOOL_CONVERSION = YES;
				CLANG_WARN_COMMA = YES;
				CLANG_WARN_CONSTANT_CONVERSION = YES;
				CLANG_WARN_DEPRECATED_OBJC_IMPLEMENTATIONS = YES;
				CLANG_WARN_DIRECT_OBJC_ISA_USAGE = YES_ERROR;
				CLANG_WARN_DOCUMENTATION_COMMENTS = YES;
				CLANG_WARN_EMPTY_BODY = YES;
				CLANG_WARN_ENUM_CONVERSION = YES;
				CLANG_WARN_INFINITE_RECURSION = YES;
				CLANG_WARN_INT_CONVERSION = YES;
				CLANG_WARN_NON_LITERAL_NULL_CONVERSION = YES;
				CLANG_WARN_OBJC_IMPLICIT_RETAIN_SELF = YES;
				CLANG_WARN_OBJC_LITERAL_CONVERSION = YES;
				CLANG_WARN_OBJC_ROOT_CLASS = YES_ERROR;
				CLANG_WARN_RANGE_LOOP_ANALYSIS = YES;
				CLANG_WARN_STRICT_PROTOTYPES = YES;
				CLANG_WARN_SUSPICIOUS_MOVE = YES;
				CLANG_WARN_UNGUARDED_AVAILABILITY = YES_AGGRESSIVE;
				CLANG_WARN_UNREACHABLE_CODE = YES;
				CLANG_WARN__DUPLICATE_METHOD_MATCH = YES;
				COPY_PHASE_STRIP = NO;
				DEBUG_INFORMATION_FORMAT = dwarf;
				ENABLE_STRICT_OBJC_MSGSEND = YES;
				ENABLE_TESTABILITY = YES;
				GCC_C_LANGUAGE_STANDARD = gnu11;
				GCC_DYNAMIC_NO_PIC = NO;
				GCC_NO_COMMON_BLOCKS = YES;
				GCC_OPTIMIZATION_LEVEL = 0;
				GCC_PREPROCESSOR_DEFINITIONS = (
					"DEBUG=1",
					"$(inherited)",
				);
				GCC_WARN_64_TO_32_BIT_CONVERSION = YES;
				GCC_WARN_ABOUT_RETURN_TYPE = YES_ERROR;
				GCC_WARN_UNDECLARED_SELECTOR = YES;
				GCC_WARN_UNINITIALIZED_AUTOS = YES_AGGRESSIVE;
				GCC_WARN_UNUSED_FUNCTION = YES;
				GCC_WARN_UNUSED_VARIABLE = YES;
				IPHONEOS_DEPLOYMENT_TARGET = 13.2;
				MTL_ENABLE_DEBUG_INFO = INCLUDE_SOURCE;
				MTL_FAST_MATH = YES;
				ONLY_ACTIVE_ARCH = YES;
				SDKROOT = iphoneos;
				SWIFT_ACTIVE_COMPILATION_CONDITIONS = DEBUG;
				SWIFT_OPTIMIZATION_LEVEL = "-Onone";
			};
			name = Debug;
		};
		38B7AF0525875B44003433A5 /* Release */ = {
			isa = XCBuildConfiguration;
			buildSettings = {
				ALWAYS_SEARCH_USER_PATHS = NO;
				CLANG_ANALYZER_NONNULL = YES;
				CLANG_ANALYZER_NUMBER_OBJECT_CONVERSION = YES_AGGRESSIVE;
				CLANG_CXX_LANGUAGE_STANDARD = "gnu++14";
				CLANG_CXX_LIBRARY = "libc++";
				CLANG_ENABLE_MODULES = YES;
				CLANG_ENABLE_OBJC_ARC = YES;
				CLANG_ENABLE_OBJC_WEAK = YES;
				CLANG_WARN_BLOCK_CAPTURE_AUTORELEASING = YES;
				CLANG_WARN_BOOL_CONVERSION = YES;
				CLANG_WARN_COMMA = YES;
				CLANG_WARN_CONSTANT_CONVERSION = YES;
				CLANG_WARN_DEPRECATED_OBJC_IMPLEMENTATIONS = YES;
				CLANG_WARN_DIRECT_OBJC_ISA_USAGE = YES_ERROR;
				CLANG_WARN_DOCUMENTATION_COMMENTS = YES;
				CLANG_WARN_EMPTY_BODY = YES;
				CLANG_WARN_ENUM_CONVERSION = YES;
				CLANG_WARN_INFINITE_RECURSION = YES;
				CLANG_WARN_INT_CONVERSION = YES;
				CLANG_WARN_NON_LITERAL_NULL_CONVERSION = YES;
				CLANG_WARN_OBJC_IMPLICIT_RETAIN_SELF = YES;
				CLANG_WARN_OBJC_LITERAL_CONVERSION = YES;
				CLANG_WARN_OBJC_ROOT_CLASS = YES_ERROR;
				CLANG_WARN_RANGE_LOOP_ANALYSIS = YES;
				CLANG_WARN_STRICT_PROTOTYPES = YES;
				CLANG_WARN_SUSPICIOUS_MOVE = YES;
				CLANG_WARN_UNGUARDED_AVAILABILITY = YES_AGGRESSIVE;
				CLANG_WARN_UNREACHABLE_CODE = YES;
				CLANG_WARN__DUPLICATE_METHOD_MATCH = YES;
				COPY_PHASE_STRIP = NO;
				DEBUG_INFORMATION_FORMAT = "dwarf-with-dsym";
				ENABLE_NS_ASSERTIONS = NO;
				ENABLE_STRICT_OBJC_MSGSEND = YES;
				GCC_C_LANGUAGE_STANDARD = gnu11;
				GCC_NO_COMMON_BLOCKS = YES;
				GCC_WARN_64_TO_32_BIT_CONVERSION = YES;
				GCC_WARN_ABOUT_RETURN_TYPE = YES_ERROR;
				GCC_WARN_UNDECLARED_SELECTOR = YES;
				GCC_WARN_UNINITIALIZED_AUTOS = YES_AGGRESSIVE;
				GCC_WARN_UNUSED_FUNCTION = YES;
				GCC_WARN_UNUSED_VARIABLE = YES;
				IPHONEOS_DEPLOYMENT_TARGET = 13.2;
				MTL_ENABLE_DEBUG_INFO = NO;
				MTL_FAST_MATH = YES;
				SDKROOT = iphoneos;
				SWIFT_COMPILATION_MODE = wholemodule;
				SWIFT_OPTIMIZATION_LEVEL = "-O";
				VALIDATE_PRODUCT = YES;
			};
			name = Release;
		};
		38B7AF0725875B44003433A5 /* Debug */ = {
			isa = XCBuildConfiguration;
			baseConfigurationReference = E01A04DCB6ACBBDC5633A901 /* Pods-IOS_Xacdonald.debug.xcconfig */;
			buildSettings = {
				ASSETCATALOG_COMPILER_APPICON_NAME = AppIcon;
				CODE_SIGN_STYLE = Automatic;
				INFOPLIST_FILE = IOS_Xacdonald/Info.plist;
				LD_RUNPATH_SEARCH_PATHS = (
					"$(inherited)",
					"@executable_path/Frameworks",
				);
				PRODUCT_BUNDLE_IDENTIFIER = "jp.co.myself.IOS-Xacdonald";
				PRODUCT_NAME = "$(TARGET_NAME)";
				SWIFT_VERSION = 5.0;
				TARGETED_DEVICE_FAMILY = "1,2";
			};
			name = Debug;
		};
		38B7AF0825875B44003433A5 /* Release */ = {
			isa = XCBuildConfiguration;
			baseConfigurationReference = AB47D874887A03B9FB9D334C /* Pods-IOS_Xacdonald.release.xcconfig */;
			buildSettings = {
				ASSETCATALOG_COMPILER_APPICON_NAME = AppIcon;
				CODE_SIGN_STYLE = Automatic;
				INFOPLIST_FILE = IOS_Xacdonald/Info.plist;
				LD_RUNPATH_SEARCH_PATHS = (
					"$(inherited)",
					"@executable_path/Frameworks",
				);
				PRODUCT_BUNDLE_IDENTIFIER = "jp.co.myself.IOS-Xacdonald";
				PRODUCT_NAME = "$(TARGET_NAME)";
				SWIFT_VERSION = 5.0;
				TARGETED_DEVICE_FAMILY = "1,2";
			};
			name = Release;
		};
/* End XCBuildConfiguration section */

/* Begin XCConfigurationList section */
		38B7AEED25875B43003433A5 /* Build configuration list for PBXProject "IOS_Xacdonald" */ = {
			isa = XCConfigurationList;
			buildConfigurations = (
				38B7AF0425875B44003433A5 /* Debug */,
				38B7AF0525875B44003433A5 /* Release */,
			);
			defaultConfigurationIsVisible = 0;
			defaultConfigurationName = Release;
		};
		38B7AF0625875B44003433A5 /* Build configuration list for PBXNativeTarget "IOS_Xacdonald" */ = {
			isa = XCConfigurationList;
			buildConfigurations = (
				38B7AF0725875B44003433A5 /* Debug */,
				38B7AF0825875B44003433A5 /* Release */,
			);
			defaultConfigurationIsVisible = 0;
			defaultConfigurationName = Release;
		};
/* End XCConfigurationList section */
	};
	rootObject = 38B7AEEA25875B43003433A5 /* Project object */;
}
